// !$*UTF8*$!
{
	archiveVersion = 1;
	classes = {
	};
	objectVersion = 56;
	objects = {

/* Begin PBXBuildFile section */
		05C68BAA625DB921DD9B6AF2 /* Pods_MyProjectTests.framework in Frameworks */ = {isa = PBXBuildFile; fileRef = 9B0267006D83E8C5BFA6C2AC /* Pods_MyProjectTests.framework */; };
		A0EB2BB421CCAF9482FBC433 /* Pods_MyProject.framework in Frameworks */ = {isa = PBXBuildFile; fileRef = 186F66B4BC74E55976D11EDD /* Pods_MyProject.framework */; };
		AC73E0802D30D5D4004A0ED4 /* HomeViewController.swift in Sources */ = {isa = PBXBuildFile; fileRef = AC73E07F2D30D5D4004A0ED4 /* HomeViewController.swift */; };
		AC73E0822D30D667004A0ED4 /* BaseViewController.swift in Sources */ = {isa = PBXBuildFile; fileRef = AC73E0812D30D667004A0ED4 /* BaseViewController.swift */; };
		ACD449652D30C6ED00341D49 /* AppDelegate.swift in Sources */ = {isa = PBXBuildFile; fileRef = ACD449642D30C6ED00341D49 /* AppDelegate.swift */; };
		ACD449672D30C6ED00341D49 /* SceneDelegate.swift in Sources */ = {isa = PBXBuildFile; fileRef = ACD449662D30C6ED00341D49 /* SceneDelegate.swift */; };
		ACD4496C2D30C6ED00341D49 /* Base in Resources */ = {isa = PBXBuildFile; fileRef = ACD4496B2D30C6ED00341D49 /* Base */; };
		ACD4496E2D30C6F100341D49 /* Assets.xcassets in Resources */ = {isa = PBXBuildFile; fileRef = ACD4496D2D30C6F100341D49 /* Assets.xcassets */; };
		ACD449712D30C6F100341D49 /* Base in Resources */ = {isa = PBXBuildFile; fileRef = ACD449702D30C6F100341D49 /* Base */; };
		ACD4497C2D30C6F100341D49 /* MyProjectTests.swift in Sources */ = {isa = PBXBuildFile; fileRef = ACD4497B2D30C6F100341D49 /* MyProjectTests.swift */; };
		ACD449862D30C6F100341D49 /* MyProjectUITests.swift in Sources */ = {isa = PBXBuildFile; fileRef = ACD449852D30C6F100341D49 /* MyProjectUITests.swift */; };
		ACD449882D30C6F100341D49 /* MyProjectUITestsLaunchTests.swift in Sources */ = {isa = PBXBuildFile; fileRef = ACD449872D30C6F100341D49 /* MyProjectUITestsLaunchTests.swift */; };
		CA0A92BAEBCA1C07BF93AF5D /* Pods_MyProject_MyProjectUITests.framework in Frameworks */ = {isa = PBXBuildFile; fileRef = A98D4ACB5AE181FC2E5F655D /* Pods_MyProject_MyProjectUITests.framework */; };
/* End PBXBuildFile section */

/* Begin PBXContainerItemProxy section */
		ACD449782D30C6F100341D49 /* PBXContainerItemProxy */ = {
			isa = PBXContainerItemProxy;
			containerPortal = ACD449592D30C6ED00341D49 /* Project object */;
			proxyType = 1;
			remoteGlobalIDString = ACD449602D30C6ED00341D49;
			remoteInfo = MyProject;
		};
		ACD449822D30C6F100341D49 /* PBXContainerItemProxy */ = {
			isa = PBXContainerItemProxy;
			containerPortal = ACD449592D30C6ED00341D49 /* Project object */;
			proxyType = 1;
			remoteGlobalIDString = ACD449602D30C6ED00341D49;
			remoteInfo = MyProject;
		};
/* End PBXContainerItemProxy section */

/* Begin PBXFileReference section */
		085616FE2DE3DCCC4FDC66E3 /* Pods-MyProject-MyProjectUITests.debug.xcconfig */ = {isa = PBXFileReference; includeInIndex = 1; lastKnownFileType = text.xcconfig; name = "Pods-MyProject-MyProjectUITests.debug.xcconfig"; path = "Target Support Files/Pods-MyProject-MyProjectUITests/Pods-MyProject-MyProjectUITests.debug.xcconfig"; sourceTree = "<group>"; };
		186F66B4BC74E55976D11EDD /* Pods_MyProject.framework */ = {isa = PBXFileReference; explicitFileType = wrapper.framework; includeInIndex = 0; path = Pods_MyProject.framework; sourceTree = BUILT_PRODUCTS_DIR; };
		577086C053B012C8637FB65D /* Pods-MyProject.debug.xcconfig */ = {isa = PBXFileReference; includeInIndex = 1; lastKnownFileType = text.xcconfig; name = "Pods-MyProject.debug.xcconfig"; path = "Target Support Files/Pods-MyProject/Pods-MyProject.debug.xcconfig"; sourceTree = "<group>"; };
		617197C4BA15346F06D27E6D /* Pods-MyProjectTests.debug.xcconfig */ = {isa = PBXFileReference; includeInIndex = 1; lastKnownFileType = text.xcconfig; name = "Pods-MyProjectTests.debug.xcconfig"; path = "Target Support Files/Pods-MyProjectTests/Pods-MyProjectTests.debug.xcconfig"; sourceTree = "<group>"; };
		74A7C747E676569024B456A0 /* Pods-MyProject-MyProjectUITests.release.xcconfig */ = {isa = PBXFileReference; includeInIndex = 1; lastKnownFileType = text.xcconfig; name = "Pods-MyProject-MyProjectUITests.release.xcconfig"; path = "Target Support Files/Pods-MyProject-MyProjectUITests/Pods-MyProject-MyProjectUITests.release.xcconfig"; sourceTree = "<group>"; };
		9B0267006D83E8C5BFA6C2AC /* Pods_MyProjectTests.framework */ = {isa = PBXFileReference; explicitFileType = wrapper.framework; includeInIndex = 0; path = Pods_MyProjectTests.framework; sourceTree = BUILT_PRODUCTS_DIR; };
		A98D4ACB5AE181FC2E5F655D /* Pods_MyProject_MyProjectUITests.framework */ = {isa = PBXFileReference; explicitFileType = wrapper.framework; includeInIndex = 0; path = Pods_MyProject_MyProjectUITests.framework; sourceTree = BUILT_PRODUCTS_DIR; };
		AC73E07F2D30D5D4004A0ED4 /* HomeViewController.swift */ = {isa = PBXFileReference; lastKnownFileType = sourcecode.swift; path = HomeViewController.swift; sourceTree = SOURCE_ROOT; };
		AC73E0812D30D667004A0ED4 /* BaseViewController.swift */ = {isa = PBXFileReference; lastKnownFileType = sourcecode.swift; path = BaseViewController.swift; sourceTree = "<group>"; };
		ACD449612D30C6ED00341D49 /* MyProject.app */ = {isa = PBXFileReference; explicitFileType = wrapper.application; includeInIndex = 0; path = MyProject.app; sourceTree = BUILT_PRODUCTS_DIR; };
		ACD449642D30C6ED00341D49 /* AppDelegate.swift */ = {isa = PBXFileReference; lastKnownFileType = sourcecode.swift; path = AppDelegate.swift; sourceTree = "<group>"; };
		ACD449662D30C6ED00341D49 /* SceneDelegate.swift */ = {isa = PBXFileReference; lastKnownFileType = sourcecode.swift; path = SceneDelegate.swift; sourceTree = "<group>"; };
		ACD4496B2D30C6ED00341D49 /* Base */ = {isa = PBXFileReference; lastKnownFileType = file.storyboard; name = Base; path = Base.lproj/Main.storyboard; sourceTree = "<group>"; };
		ACD4496D2D30C6F100341D49 /* Assets.xcassets */ = {isa = PBXFileReference; lastKnownFileType = folder.assetcatalog; path = Assets.xcassets; sourceTree = "<group>"; };
		ACD449702D30C6F100341D49 /* Base */ = {isa = PBXFileReference; lastKnownFileType = file.storyboard; name = Base; path = Base.lproj/LaunchScreen.storyboard; sourceTree = "<group>"; };
		ACD449722D30C6F100341D49 /* Info.plist */ = {isa = PBXFileReference; lastKnownFileType = text.plist.xml; path = Info.plist; sourceTree = "<group>"; };
		ACD449772D30C6F100341D49 /* MyProjectTests.xctest */ = {isa = PBXFileReference; explicitFileType = wrapper.cfbundle; includeInIndex = 0; path = MyProjectTests.xctest; sourceTree = BUILT_PRODUCTS_DIR; };
		ACD4497B2D30C6F100341D49 /* MyProjectTests.swift */ = {isa = PBXFileReference; lastKnownFileType = sourcecode.swift; path = MyProjectTests.swift; sourceTree = "<group>"; };
		ACD449812D30C6F100341D49 /* MyProjectUITests.xctest */ = {isa = PBXFileReference; explicitFileType = wrapper.cfbundle; includeInIndex = 0; path = MyProjectUITests.xctest; sourceTree = BUILT_PRODUCTS_DIR; };
		ACD449852D30C6F100341D49 /* MyProjectUITests.swift */ = {isa = PBXFileReference; lastKnownFileType = sourcecode.swift; path = MyProjectUITests.swift; sourceTree = "<group>"; };
		ACD449872D30C6F100341D49 /* MyProjectUITestsLaunchTests.swift */ = {isa = PBXFileReference; lastKnownFileType = sourcecode.swift; path = MyProjectUITestsLaunchTests.swift; sourceTree = "<group>"; };
		BC8495FEEE70060C7C14F805 /* Pods-MyProject.release.xcconfig */ = {isa = PBXFileReference; includeInIndex = 1; lastKnownFileType = text.xcconfig; name = "Pods-MyProject.release.xcconfig"; path = "Target Support Files/Pods-MyProject/Pods-MyProject.release.xcconfig"; sourceTree = "<group>"; };
		F3BDE7059A11AACAF44342C7 /* Pods-MyProjectTests.release.xcconfig */ = {isa = PBXFileReference; includeInIndex = 1; lastKnownFileType = text.xcconfig; name = "Pods-MyProjectTests.release.xcconfig"; path = "Target Support Files/Pods-MyProjectTests/Pods-MyProjectTests.release.xcconfig"; sourceTree = "<group>"; };
/* End PBXFileReference section */

/* Begin PBXFrameworksBuildPhase section */
		ACD4495E2D30C6ED00341D49 /* Frameworks */ = {
			isa = PBXFrameworksBuildPhase;
			buildActionMask = 2147483647;
			files = (
				A0EB2BB421CCAF9482FBC433 /* Pods_MyProject.framework in Frameworks */,
			);
			runOnlyForDeploymentPostprocessing = 0;
		};
		ACD449742D30C6F100341D49 /* Frameworks */ = {
			isa = PBXFrameworksBuildPhase;
			buildActionMask = 2147483647;
			files = (
				05C68BAA625DB921DD9B6AF2 /* Pods_MyProjectTests.framework in Frameworks */,
			);
			runOnlyForDeploymentPostprocessing = 0;
		};
		ACD4497E2D30C6F100341D49 /* Frameworks */ = {
			isa = PBXFrameworksBuildPhase;
			buildActionMask = 2147483647;
			files = (
				CA0A92BAEBCA1C07BF93AF5D /* Pods_MyProject_MyProjectUITests.framework in Frameworks */,
			);
			runOnlyForDeploymentPostprocessing = 0;
		};
/* End PBXFrameworksBuildPhase section */

/* Begin PBXGroup section */
		0480093D462BDE21DF92C6FD /* Frameworks */ = {
			isa = PBXGroup;
			children = (
				186F66B4BC74E55976D11EDD /* Pods_MyProject.framework */,
				A98D4ACB5AE181FC2E5F655D /* Pods_MyProject_MyProjectUITests.framework */,
				9B0267006D83E8C5BFA6C2AC /* Pods_MyProjectTests.framework */,
			);
			name = Frameworks;
			sourceTree = "<group>";
		};
		41A465C71F58E8BBC3E69F2F /* Pods */ = {
			isa = PBXGroup;
			children = (
				577086C053B012C8637FB65D /* Pods-MyProject.debug.xcconfig */,
				BC8495FEEE70060C7C14F805 /* Pods-MyProject.release.xcconfig */,
				085616FE2DE3DCCC4FDC66E3 /* Pods-MyProject-MyProjectUITests.debug.xcconfig */,
				74A7C747E676569024B456A0 /* Pods-MyProject-MyProjectUITests.release.xcconfig */,
				617197C4BA15346F06D27E6D /* Pods-MyProjectTests.debug.xcconfig */,
				F3BDE7059A11AACAF44342C7 /* Pods-MyProjectTests.release.xcconfig */,
			);
			path = Pods;
			sourceTree = "<group>";
		};
		AC73E07D2D30D57B004A0ED4 /* Presentation */ = {
			isa = PBXGroup;
			children = (
				AC73E0832D30D66B004A0ED4 /* Base */,
				AC73E07E2D30D5B5004A0ED4 /* Home */,
			);
			path = Presentation;
			sourceTree = "<group>";
		};
		AC73E07E2D30D5B5004A0ED4 /* Home */ = {
			isa = PBXGroup;
			children = (
				AC73E07F2D30D5D4004A0ED4 /* HomeViewController.swift */,
			);
			path = Home;
			sourceTree = "<group>";
		};
		AC73E0832D30D66B004A0ED4 /* Base */ = {
			isa = PBXGroup;
			children = (
				AC73E0812D30D667004A0ED4 /* BaseViewController.swift */,
			);
			path = Base;
			sourceTree = "<group>";
		};
		ACD449582D30C6ED00341D49 = {
			isa = PBXGroup;
			children = (
				ACD449632D30C6ED00341D49 /* MyProject */,
				ACD4497A2D30C6F100341D49 /* MyProjectTests */,
				ACD449842D30C6F100341D49 /* MyProjectUITests */,
				ACD449622D30C6ED00341D49 /* Products */,
				41A465C71F58E8BBC3E69F2F /* Pods */,
				0480093D462BDE21DF92C6FD /* Frameworks */,
			);
			sourceTree = "<group>";
		};
		ACD449622D30C6ED00341D49 /* Products */ = {
			isa = PBXGroup;
			children = (
				ACD449612D30C6ED00341D49 /* MyProject.app */,
				ACD449772D30C6F100341D49 /* MyProjectTests.xctest */,
				ACD449812D30C6F100341D49 /* MyProjectUITests.xctest */,
			);
			name = Products;
			sourceTree = "<group>";
		};
		ACD449632D30C6ED00341D49 /* MyProject */ = {
			isa = PBXGroup;
			children = (
				AC73E07D2D30D57B004A0ED4 /* Presentation */,
				ACD449642D30C6ED00341D49 /* AppDelegate.swift */,
				ACD449662D30C6ED00341D49 /* SceneDelegate.swift */,
				ACD4496A2D30C6ED00341D49 /* Main.storyboard */,
				ACD4496D2D30C6F100341D49 /* Assets.xcassets */,
				ACD4496F2D30C6F100341D49 /* LaunchScreen.storyboard */,
				ACD449722D30C6F100341D49 /* Info.plist */,
			);
			path = MyProject;
			sourceTree = "<group>";
		};
		ACD4497A2D30C6F100341D49 /* MyProjectTests */ = {
			isa = PBXGroup;
			children = (
				ACD4497B2D30C6F100341D49 /* MyProjectTests.swift */,
			);
			path = MyProjectTests;
			sourceTree = "<group>";
		};
		ACD449842D30C6F100341D49 /* MyProjectUITests */ = {
			isa = PBXGroup;
			children = (
				ACD449852D30C6F100341D49 /* MyProjectUITests.swift */,
				ACD449872D30C6F100341D49 /* MyProjectUITestsLaunchTests.swift */,
			);
			path = MyProjectUITests;
			sourceTree = "<group>";
		};
/* End PBXGroup section */

/* Begin PBXNativeTarget section */
		ACD449602D30C6ED00341D49 /* MyProject */ = {
			isa = PBXNativeTarget;
			buildConfigurationList = ACD4498B2D30C6F100341D49 /* Build configuration list for PBXNativeTarget "MyProject" */;
			buildPhases = (
				49F2B3C8F111FCA6B25FB478 /* [CP] Check Pods Manifest.lock */,
				ACD4495D2D30C6ED00341D49 /* Sources */,
				ACD4495E2D30C6ED00341D49 /* Frameworks */,
				ACD4495F2D30C6ED00341D49 /* Resources */,
				ED0808AAED4A6BB11702FDD2 /* [CP] Embed Pods Frameworks */,
			);
			buildRules = (
			);
			dependencies = (
			);
			name = MyProject;
			productName = MyProject;
			productReference = ACD449612D30C6ED00341D49 /* MyProject.app */;
			productType = "com.apple.product-type.application";
		};
		ACD449762D30C6F100341D49 /* MyProjectTests */ = {
			isa = PBXNativeTarget;
			buildConfigurationList = ACD4498E2D30C6F100341D49 /* Build configuration list for PBXNativeTarget "MyProjectTests" */;
			buildPhases = (
				8DECD2185E1059EC0333F95D /* [CP] Check Pods Manifest.lock */,
				ACD449732D30C6F100341D49 /* Sources */,
				ACD449742D30C6F100341D49 /* Frameworks */,
				ACD449752D30C6F100341D49 /* Resources */,
			);
			buildRules = (
			);
			dependencies = (
				ACD449792D30C6F100341D49 /* PBXTargetDependency */,
			);
			name = MyProjectTests;
			productName = MyProjectTests;
			productReference = ACD449772D30C6F100341D49 /* MyProjectTests.xctest */;
			productType = "com.apple.product-type.bundle.unit-test";
		};
		ACD449802D30C6F100341D49 /* MyProjectUITests */ = {
			isa = PBXNativeTarget;
			buildConfigurationList = ACD449912D30C6F100341D49 /* Build configuration list for PBXNativeTarget "MyProjectUITests" */;
			buildPhases = (
				985DF1F451C504A6A6A3107F /* [CP] Check Pods Manifest.lock */,
				ACD4497D2D30C6F100341D49 /* Sources */,
				ACD4497E2D30C6F100341D49 /* Frameworks */,
				ACD4497F2D30C6F100341D49 /* Resources */,
				BB4A0ED85896A0CD5994CA01 /* [CP] Embed Pods Frameworks */,
			);
			buildRules = (
			);
			dependencies = (
				ACD449832D30C6F100341D49 /* PBXTargetDependency */,
			);
			name = MyProjectUITests;
			productName = MyProjectUITests;
			productReference = ACD449812D30C6F100341D49 /* MyProjectUITests.xctest */;
			productType = "com.apple.product-type.bundle.ui-testing";
		};
/* End PBXNativeTarget section */

/* Begin PBXProject section */
		ACD449592D30C6ED00341D49 /* Project object */ = {
			isa = PBXProject;
			attributes = {
				BuildIndependentTargetsInParallel = 1;
				LastSwiftUpdateCheck = 1540;
				LastUpgradeCheck = 1540;
				TargetAttributes = {
					ACD449602D30C6ED00341D49 = {
						CreatedOnToolsVersion = 15.4;
					};
					ACD449762D30C6F100341D49 = {
						CreatedOnToolsVersion = 15.4;
						TestTargetID = ACD449602D30C6ED00341D49;
					};
					ACD449802D30C6F100341D49 = {
						CreatedOnToolsVersion = 15.4;
						TestTargetID = ACD449602D30C6ED00341D49;
					};
				};
			};
			buildConfigurationList = ACD4495C2D30C6ED00341D49 /* Build configuration list for PBXProject "MyProject" */;
			compatibilityVersion = "Xcode 14.0";
			developmentRegion = en;
			hasScannedForEncodings = 0;
			knownRegions = (
				en,
				Base,
			);
			mainGroup = ACD449582D30C6ED00341D49;
			productRefGroup = ACD449622D30C6ED00341D49 /* Products */;
			projectDirPath = "";
			projectRoot = "";
			targets = (
				ACD449602D30C6ED00341D49 /* MyProject */,
				ACD449762D30C6F100341D49 /* MyProjectTests */,
				ACD449802D30C6F100341D49 /* MyProjectUITests */,
			);
		};
/* End PBXProject section */

/* Begin PBXResourcesBuildPhase section */
		ACD4495F2D30C6ED00341D49 /* Resources */ = {
			isa = PBXResourcesBuildPhase;
			buildActionMask = 2147483647;
			files = (
				ACD4496E2D30C6F100341D49 /* Assets.xcassets in Resources */,
				ACD449712D30C6F100341D49 /* Base in Resources */,
				ACD4496C2D30C6ED00341D49 /* Base in Resources */,
			);
			runOnlyForDeploymentPostprocessing = 0;
		};
		ACD449752D30C6F100341D49 /* Resources */ = {
			isa = PBXResourcesBuildPhase;
			buildActionMask = 2147483647;
			files = (
			);
			runOnlyForDeploymentPostprocessing = 0;
		};
		ACD4497F2D30C6F100341D49 /* Resources */ = {
			isa = PBXResourcesBuildPhase;
			buildActionMask = 2147483647;
			files = (
			);
			runOnlyForDeploymentPostprocessing = 0;
		};
/* End PBXResourcesBuildPhase section */

/* Begin PBXShellScriptBuildPhase section */
		49F2B3C8F111FCA6B25FB478 /* [CP] Check Pods Manifest.lock */ = {
			isa = PBXShellScriptBuildPhase;
			buildActionMask = 2147483647;
			files = (
			);
			inputFileListPaths = (
			);
			inputPaths = (
				"${PODS_PODFILE_DIR_PATH}/Podfile.lock",
				"${PODS_ROOT}/Manifest.lock",
			);
			name = "[CP] Check Pods Manifest.lock";
			outputFileListPaths = (
			);
			outputPaths = (
				"$(DERIVED_FILE_DIR)/Pods-MyProject-checkManifestLockResult.txt",
			);
			runOnlyForDeploymentPostprocessing = 0;
			shellPath = /bin/sh;
			shellScript = "diff \"${PODS_PODFILE_DIR_PATH}/Podfile.lock\" \"${PODS_ROOT}/Manifest.lock\" > /dev/null\nif [ $? != 0 ] ; then\n    # print error to STDERR\n    echo \"error: The sandbox is not in sync with the Podfile.lock. Run 'pod install' or update your CocoaPods installation.\" >&2\n    exit 1\nfi\n# This output is used by Xcode 'outputs' to avoid re-running this script phase.\necho \"SUCCESS\" > \"${SCRIPT_OUTPUT_FILE_0}\"\n";
			showEnvVarsInLog = 0;
		};
		8DECD2185E1059EC0333F95D /* [CP] Check Pods Manifest.lock */ = {
			isa = PBXShellScriptBuildPhase;
			buildActionMask = 2147483647;
			files = (
			);
			inputFileListPaths = (
			);
			inputPaths = (
				"${PODS_PODFILE_DIR_PATH}/Podfile.lock",
				"${PODS_ROOT}/Manifest.lock",
			);
			name = "[CP] Check Pods Manifest.lock";
			outputFileListPaths = (
			);
			outputPaths = (
				"$(DERIVED_FILE_DIR)/Pods-MyProjectTests-checkManifestLockResult.txt",
			);
			runOnlyForDeploymentPostprocessing = 0;
			shellPath = /bin/sh;
			shellScript = "diff \"${PODS_PODFILE_DIR_PATH}/Podfile.lock\" \"${PODS_ROOT}/Manifest.lock\" > /dev/null\nif [ $? != 0 ] ; then\n    # print error to STDERR\n    echo \"error: The sandbox is not in sync with the Podfile.lock. Run 'pod install' or update your CocoaPods installation.\" >&2\n    exit 1\nfi\n# This output is used by Xcode 'outputs' to avoid re-running this script phase.\necho \"SUCCESS\" > \"${SCRIPT_OUTPUT_FILE_0}\"\n";
			showEnvVarsInLog = 0;
		};
		985DF1F451C504A6A6A3107F /* [CP] Check Pods Manifest.lock */ = {
			isa = PBXShellScriptBuildPhase;
			buildActionMask = 2147483647;
			files = (
			);
			inputFileListPaths = (
			);
			inputPaths = (
				"${PODS_PODFILE_DIR_PATH}/Podfile.lock",
				"${PODS_ROOT}/Manifest.lock",
			);
			name = "[CP] Check Pods Manifest.lock";
			outputFileListPaths = (
			);
			outputPaths = (
				"$(DERIVED_FILE_DIR)/Pods-MyProject-MyProjectUITests-checkManifestLockResult.txt",
			);
			runOnlyForDeploymentPostprocessing = 0;
			shellPath = /bin/sh;
			shellScript = "diff \"${PODS_PODFILE_DIR_PATH}/Podfile.lock\" \"${PODS_ROOT}/Manifest.lock\" > /dev/null\nif [ $? != 0 ] ; then\n    # print error to STDERR\n    echo \"error: The sandbox is not in sync with the Podfile.lock. Run 'pod install' or update your CocoaPods installation.\" >&2\n    exit 1\nfi\n# This output is used by Xcode 'outputs' to avoid re-running this script phase.\necho \"SUCCESS\" > \"${SCRIPT_OUTPUT_FILE_0}\"\n";
			showEnvVarsInLog = 0;
		};
		BB4A0ED85896A0CD5994CA01 /* [CP] Embed Pods Frameworks */ = {
			isa = PBXShellScriptBuildPhase;
			buildActionMask = 2147483647;
			files = (
			);
			inputFileListPaths = (
				"${PODS_ROOT}/Target Support Files/Pods-MyProject-MyProjectUITests/Pods-MyProject-MyProjectUITests-frameworks-${CONFIGURATION}-input-files.xcfilelist",
			);
			name = "[CP] Embed Pods Frameworks";
			outputFileListPaths = (
				"${PODS_ROOT}/Target Support Files/Pods-MyProject-MyProjectUITests/Pods-MyProject-MyProjectUITests-frameworks-${CONFIGURATION}-output-files.xcfilelist",
			);
			runOnlyForDeploymentPostprocessing = 0;
			shellPath = /bin/sh;
			shellScript = "\"${PODS_ROOT}/Target Support Files/Pods-MyProject-MyProjectUITests/Pods-MyProject-MyProjectUITests-frameworks.sh\"\n";
			showEnvVarsInLog = 0;
		};
		ED0808AAED4A6BB11702FDD2 /* [CP] Embed Pods Frameworks */ = {
			isa = PBXShellScriptBuildPhase;
			buildActionMask = 2147483647;
			files = (
			);
			inputFileListPaths = (
				"${PODS_ROOT}/Target Support Files/Pods-MyProject/Pods-MyProject-frameworks-${CONFIGURATION}-input-files.xcfilelist",
			);
			name = "[CP] Embed Pods Frameworks";
			outputFileListPaths = (
				"${PODS_ROOT}/Target Support Files/Pods-MyProject/Pods-MyProject-frameworks-${CONFIGURATION}-output-files.xcfilelist",
			);
			runOnlyForDeploymentPostprocessing = 0;
			shellPath = /bin/sh;
			shellScript = "\"${PODS_ROOT}/Target Support Files/Pods-MyProject/Pods-MyProject-frameworks.sh\"\n";
			showEnvVarsInLog = 0;
		};
/* End PBXShellScriptBuildPhase section */

/* Begin PBXSourcesBuildPhase section */
		ACD4495D2D30C6ED00341D49 /* Sources */ = {
			isa = PBXSourcesBuildPhase;
			buildActionMask = 2147483647;
			files = (
				ACD449652D30C6ED00341D49 /* AppDelegate.swift in Sources */,
				AC73E0822D30D667004A0ED4 /* BaseViewController.swift in Sources */,
				ACD449672D30C6ED00341D49 /* SceneDelegate.swift in Sources */,
				AC73E0802D30D5D4004A0ED4 /* HomeViewController.swift in Sources */,
			);
			runOnlyForDeploymentPostprocessing = 0;
		};
		ACD449732D30C6F100341D49 /* Sources */ = {
			isa = PBXSourcesBuildPhase;
			buildActionMask = 2147483647;
			files = (
				ACD4497C2D30C6F100341D49 /* MyProjectTests.swift in Sources */,
			);
			runOnlyForDeploymentPostprocessing = 0;
		};
		ACD4497D2D30C6F100341D49 /* Sources */ = {
			isa = PBXSourcesBuildPhase;
			buildActionMask = 2147483647;
			files = (
				ACD449882D30C6F100341D49 /* MyProjectUITestsLaunchTests.swift in Sources */,
				ACD449862D30C6F100341D49 /* MyProjectUITests.swift in Sources */,
			);
			runOnlyForDeploymentPostprocessing = 0;
		};
/* End PBXSourcesBuildPhase section */

/* Begin PBXTargetDependency section */
		ACD449792D30C6F100341D49 /* PBXTargetDependency */ = {
			isa = PBXTargetDependency;
			target = ACD449602D30C6ED00341D49 /* MyProject */;
			targetProxy = ACD449782D30C6F100341D49 /* PBXContainerItemProxy */;
		};
		ACD449832D30C6F100341D49 /* PBXTargetDependency */ = {
			isa = PBXTargetDependency;
			target = ACD449602D30C6ED00341D49 /* MyProject */;
			targetProxy = ACD449822D30C6F100341D49 /* PBXContainerItemProxy */;
		};
/* End PBXTargetDependency section */

/* Begin PBXVariantGroup section */
		ACD4496A2D30C6ED00341D49 /* Main.storyboard */ = {
			isa = PBXVariantGroup;
			children = (
				ACD4496B2D30C6ED00341D49 /* Base */,
			);
			name = Main.storyboard;
			sourceTree = "<group>";
		};
		ACD4496F2D30C6F100341D49 /* LaunchScreen.storyboard */ = {
			isa = PBXVariantGroup;
			children = (
				ACD449702D30C6F100341D49 /* Base */,
			);
			name = LaunchScreen.storyboard;
			sourceTree = "<group>";
		};
/* End PBXVariantGroup section */

/* Begin XCBuildConfiguration section */
		ACD449892D30C6F100341D49 /* Debug */ = {
			isa = XCBuildConfiguration;
			buildSettings = {
				ALWAYS_SEARCH_USER_PATHS = NO;
				ASSETCATALOG_COMPILER_GENERATE_SWIFT_ASSET_SYMBOL_EXTENSIONS = YES;
				CLANG_ANALYZER_NONNULL = YES;
				CLANG_ANALYZER_NUMBER_OBJECT_CONVERSION = YES_AGGRESSIVE;
				CLANG_CXX_LANGUAGE_STANDARD = "gnu++20";
				CLANG_ENABLE_MODULES = YES;
				CLANG_ENABLE_OBJC_ARC = YES;
				CLANG_ENABLE_OBJC_WEAK = YES;
				CLANG_WARN_BLOCK_CAPTURE_AUTORELEASING = YES;
				CLANG_WARN_BOOL_CONVERSION = YES;
				CLANG_WARN_COMMA = YES;
				CLANG_WARN_CONSTANT_CONVERSION = YES;
				CLANG_WARN_DEPRECATED_OBJC_IMPLEMENTATIONS = YES;
				CLANG_WARN_DIRECT_OBJC_ISA_USAGE = YES_ERROR;
				CLANG_WARN_DOCUMENTATION_COMMENTS = YES;
				CLANG_WARN_EMPTY_BODY = YES;
				CLANG_WARN_ENUM_CONVERSION = YES;
				CLANG_WARN_INFINITE_RECURSION = YES;
				CLANG_WARN_INT_CONVERSION = YES;
				CLANG_WARN_NON_LITERAL_NULL_CONVERSION = YES;
				CLANG_WARN_OBJC_IMPLICIT_RETAIN_SELF = YES;
				CLANG_WARN_OBJC_LITERAL_CONVERSION = YES;
				CLANG_WARN_OBJC_ROOT_CLASS = YES_ERROR;
				CLANG_WARN_QUOTED_INCLUDE_IN_FRAMEWORK_HEADER = YES;
				CLANG_WARN_RANGE_LOOP_ANALYSIS = YES;
				CLANG_WARN_STRICT_PROTOTYPES = YES;
				CLANG_WARN_SUSPICIOUS_MOVE = YES;
				CLANG_WARN_UNGUARDED_AVAILABILITY = YES_AGGRESSIVE;
				CLANG_WARN_UNREACHABLE_CODE = YES;
				CLANG_WARN__DUPLICATE_METHOD_MATCH = YES;
				COPY_PHASE_STRIP = NO;
				DEBUG_INFORMATION_FORMAT = dwarf;
				ENABLE_STRICT_OBJC_MSGSEND = YES;
				ENABLE_TESTABILITY = YES;
				ENABLE_USER_SCRIPT_SANDBOXING = YES;
				GCC_C_LANGUAGE_STANDARD = gnu17;
				GCC_DYNAMIC_NO_PIC = NO;
				GCC_NO_COMMON_BLOCKS = YES;
				GCC_OPTIMIZATION_LEVEL = 0;
				GCC_PREPROCESSOR_DEFINITIONS = (
					"DEBUG=1",
					"$(inherited)",
				);
				GCC_WARN_64_TO_32_BIT_CONVERSION = YES;
				GCC_WARN_ABOUT_RETURN_TYPE = YES_ERROR;
				GCC_WARN_UNDECLARED_SELECTOR = YES;
				GCC_WARN_UNINITIALIZED_AUTOS = YES_AGGRESSIVE;
				GCC_WARN_UNUSED_FUNCTION = YES;
				GCC_WARN_UNUSED_VARIABLE = YES;
				IPHONEOS_DEPLOYMENT_TARGET = 17.5;
				LOCALIZATION_PREFERS_STRING_CATALOGS = YES;
				MTL_ENABLE_DEBUG_INFO = INCLUDE_SOURCE;
				MTL_FAST_MATH = YES;
				ONLY_ACTIVE_ARCH = YES;
				SDKROOT = iphoneos;
				SWIFT_ACTIVE_COMPILATION_CONDITIONS = "DEBUG $(inherited)";
				SWIFT_OPTIMIZATION_LEVEL = "-Onone";
			};
			name = Debug;
		};
		ACD4498A2D30C6F100341D49 /* Release */ = {
			isa = XCBuildConfiguration;
			buildSettings = {
				ALWAYS_SEARCH_USER_PATHS = NO;
				ASSETCATALOG_COMPILER_GENERATE_SWIFT_ASSET_SYMBOL_EXTENSIONS = YES;
				CLANG_ANALYZER_NONNULL = YES;
				CLANG_ANALYZER_NUMBER_OBJECT_CONVERSION = YES_AGGRESSIVE;
				CLANG_CXX_LANGUAGE_STANDARD = "gnu++20";
				CLANG_ENABLE_MODULES = YES;
				CLANG_ENABLE_OBJC_ARC = YES;
				CLANG_ENABLE_OBJC_WEAK = YES;
				CLANG_WARN_BLOCK_CAPTURE_AUTORELEASING = YES;
				CLANG_WARN_BOOL_CONVERSION = YES;
				CLANG_WARN_COMMA = YES;
				CLANG_WARN_CONSTANT_CONVERSION = YES;
				CLANG_WARN_DEPRECATED_OBJC_IMPLEMENTATIONS = YES;
				CLANG_WARN_DIRECT_OBJC_ISA_USAGE = YES_ERROR;
				CLANG_WARN_DOCUMENTATION_COMMENTS = YES;
				CLANG_WARN_EMPTY_BODY = YES;
				CLANG_WARN_ENUM_CONVERSION = YES;
				CLANG_WARN_INFINITE_RECURSION = YES;
				CLANG_WARN_INT_CONVERSION = YES;
				CLANG_WARN_NON_LITERAL_NULL_CONVERSION = YES;
				CLANG_WARN_OBJC_IMPLICIT_RETAIN_SELF = YES;
				CLANG_WARN_OBJC_LITERAL_CONVERSION = YES;
				CLANG_WARN_OBJC_ROOT_CLASS = YES_ERROR;
				CLANG_WARN_QUOTED_INCLUDE_IN_FRAMEWORK_HEADER = YES;
				CLANG_WARN_RANGE_LOOP_ANALYSIS = YES;
				CLANG_WARN_STRICT_PROTOTYPES = YES;
				CLANG_WARN_SUSPICIOUS_MOVE = YES;
				CLANG_WARN_UNGUARDED_AVAILABILITY = YES_AGGRESSIVE;
				CLANG_WARN_UNREACHABLE_CODE = YES;
				CLANG_WARN__DUPLICATE_METHOD_MATCH = YES;
				COPY_PHASE_STRIP = NO;
				DEBUG_INFORMATION_FORMAT = "dwarf-with-dsym";
				ENABLE_NS_ASSERTIONS = NO;
				ENABLE_STRICT_OBJC_MSGSEND = YES;
				ENABLE_USER_SCRIPT_SANDBOXING = YES;
				GCC_C_LANGUAGE_STANDARD = gnu17;
				GCC_NO_COMMON_BLOCKS = YES;
				GCC_WARN_64_TO_32_BIT_CONVERSION = YES;
				GCC_WARN_ABOUT_RETURN_TYPE = YES_ERROR;
				GCC_WARN_UNDECLARED_SELECTOR = YES;
				GCC_WARN_UNINITIALIZED_AUTOS = YES_AGGRESSIVE;
				GCC_WARN_UNUSED_FUNCTION = YES;
				GCC_WARN_UNUSED_VARIABLE = YES;
				IPHONEOS_DEPLOYMENT_TARGET = 17.5;
				LOCALIZATION_PREFERS_STRING_CATALOGS = YES;
				MTL_ENABLE_DEBUG_INFO = NO;
				MTL_FAST_MATH = YES;
				SDKROOT = iphoneos;
				SWIFT_COMPILATION_MODE = wholemodule;
				VALIDATE_PRODUCT = YES;
			};
			name = Release;
		};
		ACD4498C2D30C6F100341D49 /* Debug */ = {
			isa = XCBuildConfiguration;
			baseConfigurationReference = 577086C053B012C8637FB65D /* Pods-MyProject.debug.xcconfig */;
			buildSettings = {
				ASSETCATALOG_COMPILER_APPICON_NAME = AppIcon;
				ASSETCATALOG_COMPILER_GLOBAL_ACCENT_COLOR_NAME = AccentColor;
				CODE_SIGN_STYLE = Automatic;
				CURRENT_PROJECT_VERSION = 1;
				DEVELOPMENT_TEAM = 2G7RLDSCHK;
				GENERATE_INFOPLIST_FILE = YES;
				INFOPLIST_FILE = MyProject/Info.plist;
				INFOPLIST_KEY_UIApplicationSupportsIndirectInputEvents = YES;
				INFOPLIST_KEY_UILaunchStoryboardName = LaunchScreen;
				INFOPLIST_KEY_UIMainStoryboardFile = Main;
				INFOPLIST_KEY_UISupportedInterfaceOrientations_iPad = "UIInterfaceOrientationPortrait UIInterfaceOrientationPortraitUpsideDown UIInterfaceOrientationLandscapeLeft UIInterfaceOrientationLandscapeRight";
				INFOPLIST_KEY_UISupportedInterfaceOrientations_iPhone = "UIInterfaceOrientationPortrait UIInterfaceOrientationLandscapeLeft UIInterfaceOrientationLandscapeRight";
				IPHONEOS_DEPLOYMENT_TARGET = 15.0;
				LD_RUNPATH_SEARCH_PATHS = (
					"$(inherited)",
					"@executable_path/Frameworks",
				);
				MARKETING_VERSION = 1.0;
				PRODUCT_BUNDLE_IDENTIFIER = com.myapp.MyProject;
				PRODUCT_NAME = "$(TARGET_NAME)";
				SWIFT_EMIT_LOC_STRINGS = YES;
				SWIFT_VERSION = 5.0;
				TARGETED_DEVICE_FAMILY = "1,2";
			};
			name = Debug;
		};
		ACD4498D2D30C6F100341D49 /* Release */ = {
			isa = XCBuildConfiguration;
			baseConfigurationReference = BC8495FEEE70060C7C14F805 /* Pods-MyProject.release.xcconfig */;
			buildSettings = {
				ASSETCATALOG_COMPILER_APPICON_NAME = AppIcon;
				ASSETCATALOG_COMPILER_GLOBAL_ACCENT_COLOR_NAME = AccentColor;
				CODE_SIGN_STYLE = Automatic;
				CURRENT_PROJECT_VERSION = 1;
				DEVELOPMENT_TEAM = 2G7RLDSCHK;
				GENERATE_INFOPLIST_FILE = YES;
				INFOPLIST_FILE = MyProject/Info.plist;
				INFOPLIST_KEY_UIApplicationSupportsIndirectInputEvents = YES;
				INFOPLIST_KEY_UILaunchStoryboardName = LaunchScreen;
				INFOPLIST_KEY_UIMainStoryboardFile = Main;
				INFOPLIST_KEY_UISupportedInterfaceOrientations_iPad = "UIInterfaceOrientationPortrait UIInterfaceOrientationPortraitUpsideDown UIInterfaceOrientationLandscapeLeft UIInterfaceOrientationLandscapeRight";
				INFOPLIST_KEY_UISupportedInterfaceOrientations_iPhone = "UIInterfaceOrientationPortrait UIInterfaceOrientationLandscapeLeft UIInterfaceOrientationLandscapeRight";
				IPHONEOS_DEPLOYMENT_TARGET = 15.0;
				LD_RUNPATH_SEARCH_PATHS = (
					"$(inherited)",
					"@executable_path/Frameworks",
				);
				MARKETING_VERSION = 1.0;
				PRODUCT_BUNDLE_IDENTIFIER = com.myapp.MyProject;
				PRODUCT_NAME = "$(TARGET_NAME)";
				SWIFT_EMIT_LOC_STRINGS = YES;
				SWIFT_VERSION = 5.0;
				TARGETED_DEVICE_FAMILY = "1,2";
			};
			name = Release;
		};
		ACD4498F2D30C6F100341D49 /* Debug */ = {
			isa = XCBuildConfiguration;
			baseConfigurationReference = 617197C4BA15346F06D27E6D /* Pods-MyProjectTests.debug.xcconfig */;
			buildSettings = {
				ALWAYS_EMBED_SWIFT_STANDARD_LIBRARIES = YES;
				BUNDLE_LOADER = "$(TEST_HOST)";
				CODE_SIGN_STYLE = Automatic;
				CURRENT_PROJECT_VERSION = 1;
				DEVELOPMENT_TEAM = 2G7RLDSCHK;
				GENERATE_INFOPLIST_FILE = YES;
				IPHONEOS_DEPLOYMENT_TARGET = 17.5;
				MARKETING_VERSION = 1.0;
				PRODUCT_BUNDLE_IDENTIFIER = com.myapp.MyProjectTests;
				PRODUCT_NAME = "$(TARGET_NAME)";
				SWIFT_EMIT_LOC_STRINGS = NO;
				SWIFT_VERSION = 5.0;
				TARGETED_DEVICE_FAMILY = "1,2";
				TEST_HOST = "$(BUILT_PRODUCTS_DIR)/MyProject.app/$(BUNDLE_EXECUTABLE_FOLDER_PATH)/MyProject";
			};
			name = Debug;
		};
		ACD449902D30C6F100341D49 /* Release */ = {
			isa = XCBuildConfiguration;
			baseConfigurationReference = F3BDE7059A11AACAF44342C7 /* Pods-MyProjectTests.release.xcconfig */;
			buildSettings = {
				ALWAYS_EMBED_SWIFT_STANDARD_LIBRARIES = YES;
				BUNDLE_LOADER = "$(TEST_HOST)";
				CODE_SIGN_STYLE = Automatic;
				CURRENT_PROJECT_VERSION = 1;
				DEVELOPMENT_TEAM = 2G7RLDSCHK;
				GENERATE_INFOPLIST_FILE = YES;
				IPHONEOS_DEPLOYMENT_TARGET = 17.5;
				MARKETING_VERSION = 1.0;
				PRODUCT_BUNDLE_IDENTIFIER = com.myapp.MyProjectTests;
				PRODUCT_NAME = "$(TARGET_NAME)";
				SWIFT_EMIT_LOC_STRINGS = NO;
				SWIFT_VERSION = 5.0;
				TARGETED_DEVICE_FAMILY = "1,2";
				TEST_HOST = "$(BUILT_PRODUCTS_DIR)/MyProject.app/$(BUNDLE_EXECUTABLE_FOLDER_PATH)/MyProject";
			};
			name = Release;
		};
		ACD449922D30C6F100341D49 /* Debug */ = {
			isa = XCBuildConfiguration;
			baseConfigurationReference = 085616FE2DE3DCCC4FDC66E3 /* Pods-MyProject-MyProjectUITests.debug.xcconfig */;
			buildSettings = {
				CODE_SIGN_STYLE = Automatic;
				CURRENT_PROJECT_VERSION = 1;
				DEVELOPMENT_TEAM = 2G7RLDSCHK;
				GENERATE_INFOPLIST_FILE = YES;
				MARKETING_VERSION = 1.0;
				PRODUCT_BUNDLE_IDENTIFIER = com.myapp.MyProjectUITests;
				PRODUCT_NAME = "$(TARGET_NAME)";
				SWIFT_EMIT_LOC_STRINGS = NO;
				SWIFT_VERSION = 5.0;
				TARGETED_DEVICE_FAMILY = "1,2";
				TEST_TARGET_NAME = MyProject;
			};
			name = Debug;
		};
		ACD449932D30C6F100341D49 /* Release */ = {
			isa = XCBuildConfiguration;
			baseConfigurationReference = 74A7C747E676569024B456A0 /* Pods-MyProject-MyProjectUITests.release.xcconfig */;
			buildSettings = {
				CODE_SIGN_STYLE = Automatic;
				CURRENT_PROJECT_VERSION = 1;
				DEVELOPMENT_TEAM = 2G7RLDSCHK;
				GENERATE_INFOPLIST_FILE = YES;
				MARKETING_VERSION = 1.0;
				PRODUCT_BUNDLE_IDENTIFIER = com.myapp.MyProjectUITests;
				PRODUCT_NAME = "$(TARGET_NAME)";
				SWIFT_EMIT_LOC_STRINGS = NO;
				SWIFT_VERSION = 5.0;
				TARGETED_DEVICE_FAMILY = "1,2";
				TEST_TARGET_NAME = MyProject;
			};
			name = Release;
		};
/* End XCBuildConfiguration section */

/* Begin XCConfigurationList section */
		ACD4495C2D30C6ED00341D49 /* Build configuration list for PBXProject "MyProject" */ = {
			isa = XCConfigurationList;
			buildConfigurations = (
				ACD449892D30C6F100341D49 /* Debug */,
				ACD4498A2D30C6F100341D49 /* Release */,
			);
			defaultConfigurationIsVisible = 0;
			defaultConfigurationName = Release;
		};
		ACD4498B2D30C6F100341D49 /* Build configuration list for PBXNativeTarget "MyProject" */ = {
			isa = XCConfigurationList;
			buildConfigurations = (
				ACD4498C2D30C6F100341D49 /* Debug */,
				ACD4498D2D30C6F100341D49 /* Release */,
			);
			defaultConfigurationIsVisible = 0;
			defaultConfigurationName = Release;
		};
		ACD4498E2D30C6F100341D49 /* Build configuration list for PBXNativeTarget "MyProjectTests" */ = {
			isa = XCConfigurationList;
			buildConfigurations = (
				ACD4498F2D30C6F100341D49 /* Debug */,
				ACD449902D30C6F100341D49 /* Release */,
			);
			defaultConfigurationIsVisible = 0;
			defaultConfigurationName = Release;
		};
		ACD449912D30C6F100341D49 /* Build configuration list for PBXNativeTarget "MyProjectUITests" */ = {
			isa = XCConfigurationList;
			buildConfigurations = (
				ACD449922D30C6F100341D49 /* Debug */,
				ACD449932D30C6F100341D49 /* Release */,
			);
			defaultConfigurationIsVisible = 0;
			defaultConfigurationName = Release;
		};
/* End XCConfigurationList section */
	};
	rootObject = ACD449592D30C6ED00341D49 /* Project object */;
}
