// !$*UTF8*$!
{
	archiveVersion = 1;
	classes = {
	};
	objectVersion = 56;
	objects = {

/* Begin PBXBuildFile section */
		2C0515E9C64AC875FB024CE9 /* Pods_MyProject_MyProjectUITests.framework in Frameworks */ = {isa = PBXBuildFile; fileRef = 14C1454529641275335B1763 /* Pods_MyProject_MyProjectUITests.framework */; };
		499E7B48C5A0B670BF28A330 /* Pods_MyProjectTests.framework in Frameworks */ = {isa = PBXBuildFile; fileRef = F4AA42F805430B0C047DED68 /* Pods_MyProjectTests.framework */; };
		680168CD98E4A292C8E46536 /* Pods_MyProject.framework in Frameworks */ = {isa = PBXBuildFile; fileRef = FEDADD1CADC84D051C46F8ED /* Pods_MyProject.framework */; };
		AC6C495B2D34BB68000E5FE8 /* UserDefaultsKey.swift in Sources */ = {isa = PBXBuildFile; fileRef = AC6C495A2D34BB68000E5FE8 /* UserDefaultsKey.swift */; };
		AC6C495E2D34BC04000E5FE8 /* ProfileViewModel.swift in Sources */ = {isa = PBXBuildFile; fileRef = AC6C495D2D34BC04000E5FE8 /* ProfileViewModel.swift */; };
		AC6C49612D34C232000E5FE8 /* ProfileItemView.swift in Sources */ = {isa = PBXBuildFile; fileRef = AC6C49602D34C232000E5FE8 /* ProfileItemView.swift */; };
		AC6C49632D34CA7E000E5FE8 /* AppStyle1Button.swift in Sources */ = {isa = PBXBuildFile; fileRef = AC6C49622D34CA7E000E5FE8 /* AppStyle1Button.swift */; };
		AC6C49682D34F727000E5FE8 /* UserInfo.swift in Sources */ = {isa = PBXBuildFile; fileRef = AC6C49672D34F727000E5FE8 /* UserInfo.swift */; };
		AC6C496A2D350AF8000E5FE8 /* FirebaseRemoteService.swift in Sources */ = {isa = PBXBuildFile; fileRef = AC6C49692D350AF8000E5FE8 /* FirebaseRemoteService.swift */; };
		AC6C49702D35272F000E5FE8 /* FirebaseStorageServiceProtocol.swift in Sources */ = {isa = PBXBuildFile; fileRef = AC6C496F2D35272F000E5FE8 /* FirebaseStorageServiceProtocol.swift */; };
		AC6C49722D352818000E5FE8 /* FirebaseStorageService.swift in Sources */ = {isa = PBXBuildFile; fileRef = AC6C49712D352818000E5FE8 /* FirebaseStorageService.swift */; };
		AC6C49762D3616EC000E5FE8 /* ResearchsViewModel.swift in Sources */ = {isa = PBXBuildFile; fileRef = AC6C49752D3616EC000E5FE8 /* ResearchsViewModel.swift */; };
		AC6C49792D361F83000E5FE8 /* ResearchTableViewCell.swift in Sources */ = {isa = PBXBuildFile; fileRef = AC6C49782D361F83000E5FE8 /* ResearchTableViewCell.swift */; };
		AC6C497C2D364CB1000E5FE8 /* RealmViewController.swift in Sources */ = {isa = PBXBuildFile; fileRef = AC6C497B2D364CB1000E5FE8 /* RealmViewController.swift */; };
		AC6C497F2D3658D7000E5FE8 /* Book.swift in Sources */ = {isa = PBXBuildFile; fileRef = AC6C497E2D3658D7000E5FE8 /* Book.swift */; };
		AC6C49812D3659E2000E5FE8 /* RealmViewModel.swift in Sources */ = {isa = PBXBuildFile; fileRef = AC6C49802D3659E2000E5FE8 /* RealmViewModel.swift */; };
		AC6C49842D365F09000E5FE8 /* RealmServiceProtocol.swift in Sources */ = {isa = PBXBuildFile; fileRef = AC6C49832D365F09000E5FE8 /* RealmServiceProtocol.swift */; };
		AC6C49862D365F52000E5FE8 /* RealmService.swift in Sources */ = {isa = PBXBuildFile; fileRef = AC6C49852D365F52000E5FE8 /* RealmService.swift */; };
		AC6C49892D3762D0000E5FE8 /* RealmTableViewCell.swift in Sources */ = {isa = PBXBuildFile; fileRef = AC6C49882D3762D0000E5FE8 /* RealmTableViewCell.swift */; };
		AC6C498B2D3764DA000E5FE8 /* BaseTableViewCell.swift in Sources */ = {isa = PBXBuildFile; fileRef = AC6C498A2D3764DA000E5FE8 /* BaseTableViewCell.swift */; };
		AC73E0822D30D667004A0ED4 /* BaseViewController.swift in Sources */ = {isa = PBXBuildFile; fileRef = AC73E0812D30D667004A0ED4 /* BaseViewController.swift */; };
		AC73E0852D30DC8F004A0ED4 /* HomeViewController.swift in Sources */ = {isa = PBXBuildFile; fileRef = AC73E0842D30DC8F004A0ED4 /* HomeViewController.swift */; };
		ACD449652D30C6ED00341D49 /* AppDelegate.swift in Sources */ = {isa = PBXBuildFile; fileRef = ACD449642D30C6ED00341D49 /* AppDelegate.swift */; };
		ACD449672D30C6ED00341D49 /* SceneDelegate.swift in Sources */ = {isa = PBXBuildFile; fileRef = ACD449662D30C6ED00341D49 /* SceneDelegate.swift */; };
		ACD4496C2D30C6ED00341D49 /* Base in Resources */ = {isa = PBXBuildFile; fileRef = ACD4496B2D30C6ED00341D49 /* Base */; };
		ACD4496E2D30C6F100341D49 /* Assets.xcassets in Resources */ = {isa = PBXBuildFile; fileRef = ACD4496D2D30C6F100341D49 /* Assets.xcassets */; };
		ACD449712D30C6F100341D49 /* Base in Resources */ = {isa = PBXBuildFile; fileRef = ACD449702D30C6F100341D49 /* Base */; };
		ACD4497C2D30C6F100341D49 /* MyProjectTests.swift in Sources */ = {isa = PBXBuildFile; fileRef = ACD4497B2D30C6F100341D49 /* MyProjectTests.swift */; };
		ACD449862D30C6F100341D49 /* MyProjectUITests.swift in Sources */ = {isa = PBXBuildFile; fileRef = ACD449852D30C6F100341D49 /* MyProjectUITests.swift */; };
		ACD449882D30C6F100341D49 /* MyProjectUITestsLaunchTests.swift in Sources */ = {isa = PBXBuildFile; fileRef = ACD449872D30C6F100341D49 /* MyProjectUITestsLaunchTests.swift */; };
		ACF892862D30FE3200E89ABB /* GoogleService-Info.plist in Resources */ = {isa = PBXBuildFile; fileRef = ACF892852D30FE3200E89ABB /* GoogleService-Info.plist */; };
		ACF892892D31004D00E89ABB /* LoginViewController.swift in Sources */ = {isa = PBXBuildFile; fileRef = ACF892882D31004D00E89ABB /* LoginViewController.swift */; };
		ACF8928B2D3101D800E89ABB /* LoginViewModel.swift in Sources */ = {isa = PBXBuildFile; fileRef = ACF8928A2D3101D800E89ABB /* LoginViewModel.swift */; };
		ACF8928D2D31024A00E89ABB /* APIService.swift in Sources */ = {isa = PBXBuildFile; fileRef = ACF8928C2D31024A00E89ABB /* APIService.swift */; };
		ACF892902D310CE300E89ABB /* UITextFieldExtension.swift in Sources */ = {isa = PBXBuildFile; fileRef = ACF8928F2D310CE300E89ABB /* UITextFieldExtension.swift */; };
		ACF892932D310EED00E89ABB /* BorderTextField.swift in Sources */ = {isa = PBXBuildFile; fileRef = ACF892922D310EED00E89ABB /* BorderTextField.swift */; };
		ACF892952D31120A00E89ABB /* UIColorExtension.swift in Sources */ = {isa = PBXBuildFile; fileRef = ACF892942D31120A00E89ABB /* UIColorExtension.swift */; };
		ACF892992D31151500E89ABB /* ProfileViewController.swift in Sources */ = {isa = PBXBuildFile; fileRef = ACF892982D31151500E89ABB /* ProfileViewController.swift */; };
		ACF8929C2D3115B500E89ABB /* ResearchsViewController.swift in Sources */ = {isa = PBXBuildFile; fileRef = ACF8929B2D3115B500E89ABB /* ResearchsViewController.swift */; };
		ACF892A02D312C2100E89ABB /* FirebaseAuthServiceProtocol.swift in Sources */ = {isa = PBXBuildFile; fileRef = ACF8929F2D312C2100E89ABB /* FirebaseAuthServiceProtocol.swift */; };
		ACF892A22D312CCD00E89ABB /* FirebaseAuthService.swift in Sources */ = {isa = PBXBuildFile; fileRef = ACF892A12D312CCD00E89ABB /* FirebaseAuthService.swift */; };
		ACF892A52D31342B00E89ABB /* FirebaseFirestoreServiceProtocol.swift in Sources */ = {isa = PBXBuildFile; fileRef = ACF892A42D31342B00E89ABB /* FirebaseFirestoreServiceProtocol.swift */; };
		ACF892A72D31344A00E89ABB /* FirebaseFirestoreService.swift in Sources */ = {isa = PBXBuildFile; fileRef = ACF892A62D31344A00E89ABB /* FirebaseFirestoreService.swift */; };
/* End PBXBuildFile section */

/* Begin PBXContainerItemProxy section */
		ACD449782D30C6F100341D49 /* PBXContainerItemProxy */ = {
			isa = PBXContainerItemProxy;
			containerPortal = ACD449592D30C6ED00341D49 /* Project object */;
			proxyType = 1;
			remoteGlobalIDString = ACD449602D30C6ED00341D49;
			remoteInfo = MyProject;
		};
		ACD449822D30C6F100341D49 /* PBXContainerItemProxy */ = {
			isa = PBXContainerItemProxy;
			containerPortal = ACD449592D30C6ED00341D49 /* Project object */;
			proxyType = 1;
			remoteGlobalIDString = ACD449602D30C6ED00341D49;
			remoteInfo = MyProject;
		};
/* End PBXContainerItemProxy section */

/* Begin PBXFileReference section */
		14C1454529641275335B1763 /* Pods_MyProject_MyProjectUITests.framework */ = {isa = PBXFileReference; explicitFileType = wrapper.framework; includeInIndex = 0; path = Pods_MyProject_MyProjectUITests.framework; sourceTree = BUILT_PRODUCTS_DIR; };
		6B535FF1189D41E7B3EBCD61 /* Pods-MyProject.release.xcconfig */ = {isa = PBXFileReference; includeInIndex = 1; lastKnownFileType = text.xcconfig; name = "Pods-MyProject.release.xcconfig"; path = "Target Support Files/Pods-MyProject/Pods-MyProject.release.xcconfig"; sourceTree = "<group>"; };
		88921771720530D3EFAA9607 /* Pods-MyProject-MyProjectUITests.release.xcconfig */ = {isa = PBXFileReference; includeInIndex = 1; lastKnownFileType = text.xcconfig; name = "Pods-MyProject-MyProjectUITests.release.xcconfig"; path = "Target Support Files/Pods-MyProject-MyProjectUITests/Pods-MyProject-MyProjectUITests.release.xcconfig"; sourceTree = "<group>"; };
		ABD532243CAE7FCC5345701D /* Pods-MyProjectTests.debug.xcconfig */ = {isa = PBXFileReference; includeInIndex = 1; lastKnownFileType = text.xcconfig; name = "Pods-MyProjectTests.debug.xcconfig"; path = "Target Support Files/Pods-MyProjectTests/Pods-MyProjectTests.debug.xcconfig"; sourceTree = "<group>"; };
		AC6C495A2D34BB68000E5FE8 /* UserDefaultsKey.swift */ = {isa = PBXFileReference; lastKnownFileType = sourcecode.swift; path = UserDefaultsKey.swift; sourceTree = "<group>"; };
		AC6C495D2D34BC04000E5FE8 /* ProfileViewModel.swift */ = {isa = PBXFileReference; lastKnownFileType = sourcecode.swift; path = ProfileViewModel.swift; sourceTree = "<group>"; };
		AC6C49602D34C232000E5FE8 /* ProfileItemView.swift */ = {isa = PBXFileReference; lastKnownFileType = sourcecode.swift; path = ProfileItemView.swift; sourceTree = "<group>"; };
		AC6C49622D34CA7E000E5FE8 /* AppStyle1Button.swift */ = {isa = PBXFileReference; lastKnownFileType = sourcecode.swift; path = AppStyle1Button.swift; sourceTree = "<group>"; };
		AC6C49672D34F727000E5FE8 /* UserInfo.swift */ = {isa = PBXFileReference; lastKnownFileType = sourcecode.swift; path = UserInfo.swift; sourceTree = "<group>"; };
		AC6C49692D350AF8000E5FE8 /* FirebaseRemoteService.swift */ = {isa = PBXFileReference; lastKnownFileType = sourcecode.swift; path = FirebaseRemoteService.swift; sourceTree = "<group>"; };
		AC6C496F2D35272F000E5FE8 /* FirebaseStorageServiceProtocol.swift */ = {isa = PBXFileReference; lastKnownFileType = sourcecode.swift; path = FirebaseStorageServiceProtocol.swift; sourceTree = "<group>"; };
		AC6C49712D352818000E5FE8 /* FirebaseStorageService.swift */ = {isa = PBXFileReference; lastKnownFileType = sourcecode.swift; path = FirebaseStorageService.swift; sourceTree = "<group>"; };
		AC6C49752D3616EC000E5FE8 /* ResearchsViewModel.swift */ = {isa = PBXFileReference; lastKnownFileType = sourcecode.swift; path = ResearchsViewModel.swift; sourceTree = "<group>"; };
		AC6C49782D361F83000E5FE8 /* ResearchTableViewCell.swift */ = {isa = PBXFileReference; lastKnownFileType = sourcecode.swift; path = ResearchTableViewCell.swift; sourceTree = "<group>"; };
		AC6C497B2D364CB1000E5FE8 /* RealmViewController.swift */ = {isa = PBXFileReference; lastKnownFileType = sourcecode.swift; path = RealmViewController.swift; sourceTree = "<group>"; };
		AC6C497E2D3658D7000E5FE8 /* Book.swift */ = {isa = PBXFileReference; lastKnownFileType = sourcecode.swift; path = Book.swift; sourceTree = "<group>"; };
		AC6C49802D3659E2000E5FE8 /* RealmViewModel.swift */ = {isa = PBXFileReference; lastKnownFileType = sourcecode.swift; path = RealmViewModel.swift; sourceTree = "<group>"; };
		AC6C49832D365F09000E5FE8 /* RealmServiceProtocol.swift */ = {isa = PBXFileReference; lastKnownFileType = sourcecode.swift; path = RealmServiceProtocol.swift; sourceTree = "<group>"; };
		AC6C49852D365F52000E5FE8 /* RealmService.swift */ = {isa = PBXFileReference; lastKnownFileType = sourcecode.swift; path = RealmService.swift; sourceTree = "<group>"; };
		AC6C49882D3762D0000E5FE8 /* RealmTableViewCell.swift */ = {isa = PBXFileReference; lastKnownFileType = sourcecode.swift; path = RealmTableViewCell.swift; sourceTree = "<group>"; };
		AC6C498A2D3764DA000E5FE8 /* BaseTableViewCell.swift */ = {isa = PBXFileReference; lastKnownFileType = sourcecode.swift; path = BaseTableViewCell.swift; sourceTree = "<group>"; };
		AC73E0812D30D667004A0ED4 /* BaseViewController.swift */ = {isa = PBXFileReference; lastKnownFileType = sourcecode.swift; path = BaseViewController.swift; sourceTree = "<group>"; };
		AC73E0842D30DC8F004A0ED4 /* HomeViewController.swift */ = {isa = PBXFileReference; lastKnownFileType = sourcecode.swift; path = HomeViewController.swift; sourceTree = "<group>"; };
		ACD449612D30C6ED00341D49 /* MyProject.app */ = {isa = PBXFileReference; explicitFileType = wrapper.application; includeInIndex = 0; path = MyProject.app; sourceTree = BUILT_PRODUCTS_DIR; };
		ACD449642D30C6ED00341D49 /* AppDelegate.swift */ = {isa = PBXFileReference; lastKnownFileType = sourcecode.swift; path = AppDelegate.swift; sourceTree = "<group>"; };
		ACD449662D30C6ED00341D49 /* SceneDelegate.swift */ = {isa = PBXFileReference; lastKnownFileType = sourcecode.swift; path = SceneDelegate.swift; sourceTree = "<group>"; };
		ACD4496B2D30C6ED00341D49 /* Base */ = {isa = PBXFileReference; lastKnownFileType = file.storyboard; name = Base; path = Base.lproj/Main.storyboard; sourceTree = "<group>"; };
		ACD4496D2D30C6F100341D49 /* Assets.xcassets */ = {isa = PBXFileReference; lastKnownFileType = folder.assetcatalog; path = Assets.xcassets; sourceTree = "<group>"; };
		ACD449702D30C6F100341D49 /* Base */ = {isa = PBXFileReference; lastKnownFileType = file.storyboard; name = Base; path = Base.lproj/LaunchScreen.storyboard; sourceTree = "<group>"; };
		ACD449722D30C6F100341D49 /* Info.plist */ = {isa = PBXFileReference; lastKnownFileType = text.plist.xml; path = Info.plist; sourceTree = "<group>"; };
		ACD449772D30C6F100341D49 /* MyProjectTests.xctest */ = {isa = PBXFileReference; explicitFileType = wrapper.cfbundle; includeInIndex = 0; path = MyProjectTests.xctest; sourceTree = BUILT_PRODUCTS_DIR; };
		ACD4497B2D30C6F100341D49 /* MyProjectTests.swift */ = {isa = PBXFileReference; lastKnownFileType = sourcecode.swift; path = MyProjectTests.swift; sourceTree = "<group>"; };
		ACD449812D30C6F100341D49 /* MyProjectUITests.xctest */ = {isa = PBXFileReference; explicitFileType = wrapper.cfbundle; includeInIndex = 0; path = MyProjectUITests.xctest; sourceTree = BUILT_PRODUCTS_DIR; };
		ACD449852D30C6F100341D49 /* MyProjectUITests.swift */ = {isa = PBXFileReference; lastKnownFileType = sourcecode.swift; path = MyProjectUITests.swift; sourceTree = "<group>"; };
		ACD449872D30C6F100341D49 /* MyProjectUITestsLaunchTests.swift */ = {isa = PBXFileReference; lastKnownFileType = sourcecode.swift; path = MyProjectUITestsLaunchTests.swift; sourceTree = "<group>"; };
		ACF892852D30FE3200E89ABB /* GoogleService-Info.plist */ = {isa = PBXFileReference; fileEncoding = 4; lastKnownFileType = text.plist.xml; path = "GoogleService-Info.plist"; sourceTree = "<group>"; };
		ACF892882D31004D00E89ABB /* LoginViewController.swift */ = {isa = PBXFileReference; lastKnownFileType = sourcecode.swift; path = LoginViewController.swift; sourceTree = "<group>"; };
		ACF8928A2D3101D800E89ABB /* LoginViewModel.swift */ = {isa = PBXFileReference; lastKnownFileType = sourcecode.swift; path = LoginViewModel.swift; sourceTree = "<group>"; };
		ACF8928C2D31024A00E89ABB /* APIService.swift */ = {isa = PBXFileReference; lastKnownFileType = sourcecode.swift; path = APIService.swift; sourceTree = "<group>"; };
		ACF8928F2D310CE300E89ABB /* UITextFieldExtension.swift */ = {isa = PBXFileReference; lastKnownFileType = sourcecode.swift; path = UITextFieldExtension.swift; sourceTree = "<group>"; };
		ACF892922D310EED00E89ABB /* BorderTextField.swift */ = {isa = PBXFileReference; lastKnownFileType = sourcecode.swift; path = BorderTextField.swift; sourceTree = "<group>"; };
		ACF892942D31120A00E89ABB /* UIColorExtension.swift */ = {isa = PBXFileReference; lastKnownFileType = sourcecode.swift; path = UIColorExtension.swift; sourceTree = "<group>"; };
		ACF892982D31151500E89ABB /* ProfileViewController.swift */ = {isa = PBXFileReference; lastKnownFileType = sourcecode.swift; path = ProfileViewController.swift; sourceTree = "<group>"; };
		ACF8929B2D3115B500E89ABB /* ResearchsViewController.swift */ = {isa = PBXFileReference; lastKnownFileType = sourcecode.swift; path = ResearchsViewController.swift; sourceTree = "<group>"; };
		ACF8929F2D312C2100E89ABB /* FirebaseAuthServiceProtocol.swift */ = {isa = PBXFileReference; lastKnownFileType = sourcecode.swift; path = FirebaseAuthServiceProtocol.swift; sourceTree = "<group>"; };
		ACF892A12D312CCD00E89ABB /* FirebaseAuthService.swift */ = {isa = PBXFileReference; lastKnownFileType = sourcecode.swift; path = FirebaseAuthService.swift; sourceTree = "<group>"; };
		ACF892A42D31342B00E89ABB /* FirebaseFirestoreServiceProtocol.swift */ = {isa = PBXFileReference; lastKnownFileType = sourcecode.swift; path = FirebaseFirestoreServiceProtocol.swift; sourceTree = "<group>"; };
		ACF892A62D31344A00E89ABB /* FirebaseFirestoreService.swift */ = {isa = PBXFileReference; lastKnownFileType = sourcecode.swift; path = FirebaseFirestoreService.swift; sourceTree = "<group>"; };
		B78682A3435C3E78A0DBA355 /* Pods-MyProjectTests.release.xcconfig */ = {isa = PBXFileReference; includeInIndex = 1; lastKnownFileType = text.xcconfig; name = "Pods-MyProjectTests.release.xcconfig"; path = "Target Support Files/Pods-MyProjectTests/Pods-MyProjectTests.release.xcconfig"; sourceTree = "<group>"; };
		E693C91971757BC1B73C9D53 /* Pods-MyProject.debug.xcconfig */ = {isa = PBXFileReference; includeInIndex = 1; lastKnownFileType = text.xcconfig; name = "Pods-MyProject.debug.xcconfig"; path = "Target Support Files/Pods-MyProject/Pods-MyProject.debug.xcconfig"; sourceTree = "<group>"; };
		E9CD052EC3A2E29AC9024D05 /* Pods-MyProject-MyProjectUITests.debug.xcconfig */ = {isa = PBXFileReference; includeInIndex = 1; lastKnownFileType = text.xcconfig; name = "Pods-MyProject-MyProjectUITests.debug.xcconfig"; path = "Target Support Files/Pods-MyProject-MyProjectUITests/Pods-MyProject-MyProjectUITests.debug.xcconfig"; sourceTree = "<group>"; };
		F4AA42F805430B0C047DED68 /* Pods_MyProjectTests.framework */ = {isa = PBXFileReference; explicitFileType = wrapper.framework; includeInIndex = 0; path = Pods_MyProjectTests.framework; sourceTree = BUILT_PRODUCTS_DIR; };
		FEDADD1CADC84D051C46F8ED /* Pods_MyProject.framework */ = {isa = PBXFileReference; explicitFileType = wrapper.framework; includeInIndex = 0; path = Pods_MyProject.framework; sourceTree = BUILT_PRODUCTS_DIR; };
/* End PBXFileReference section */

/* Begin PBXFrameworksBuildPhase section */
		ACD4495E2D30C6ED00341D49 /* Frameworks */ = {
			isa = PBXFrameworksBuildPhase;
			buildActionMask = 2147483647;
			files = (
				680168CD98E4A292C8E46536 /* Pods_MyProject.framework in Frameworks */,
			);
			runOnlyForDeploymentPostprocessing = 0;
		};
		ACD449742D30C6F100341D49 /* Frameworks */ = {
			isa = PBXFrameworksBuildPhase;
			buildActionMask = 2147483647;
			files = (
				499E7B48C5A0B670BF28A330 /* Pods_MyProjectTests.framework in Frameworks */,
			);
			runOnlyForDeploymentPostprocessing = 0;
		};
		ACD4497E2D30C6F100341D49 /* Frameworks */ = {
			isa = PBXFrameworksBuildPhase;
			buildActionMask = 2147483647;
			files = (
				2C0515E9C64AC875FB024CE9 /* Pods_MyProject_MyProjectUITests.framework in Frameworks */,
			);
			runOnlyForDeploymentPostprocessing = 0;
		};
/* End PBXFrameworksBuildPhase section */

/* Begin PBXGroup section */
		15E96333EE0D31DD8D92DDB9 /* Frameworks */ = {
			isa = PBXGroup;
			children = (
				FEDADD1CADC84D051C46F8ED /* Pods_MyProject.framework */,
				14C1454529641275335B1763 /* Pods_MyProject_MyProjectUITests.framework */,
				F4AA42F805430B0C047DED68 /* Pods_MyProjectTests.framework */,
			);
			name = Frameworks;
			sourceTree = "<group>";
		};
		41A465C71F58E8BBC3E69F2F /* Pods */ = {
			isa = PBXGroup;
			children = (
				E693C91971757BC1B73C9D53 /* Pods-MyProject.debug.xcconfig */,
				6B535FF1189D41E7B3EBCD61 /* Pods-MyProject.release.xcconfig */,
				E9CD052EC3A2E29AC9024D05 /* Pods-MyProject-MyProjectUITests.debug.xcconfig */,
				88921771720530D3EFAA9607 /* Pods-MyProject-MyProjectUITests.release.xcconfig */,
				ABD532243CAE7FCC5345701D /* Pods-MyProjectTests.debug.xcconfig */,
				B78682A3435C3E78A0DBA355 /* Pods-MyProjectTests.release.xcconfig */,
			);
			path = Pods;
			sourceTree = "<group>";
		};
		AC6C49592D34BB4C000E5FE8 /* Common */ = {
			isa = PBXGroup;
			children = (
				AC6C495A2D34BB68000E5FE8 /* UserDefaultsKey.swift */,
			);
			path = Common;
			sourceTree = "<group>";
		};
		AC6C495C2D34BBDA000E5FE8 /* Profile */ = {
			isa = PBXGroup;
			children = (
				AC6C49662D34F715000E5FE8 /* Models */,
				AC6C495F2D34C211000E5FE8 /* Views */,
				AC6C495D2D34BC04000E5FE8 /* ProfileViewModel.swift */,
				ACF892982D31151500E89ABB /* ProfileViewController.swift */,
			);
			path = Profile;
			sourceTree = "<group>";
		};
		AC6C495F2D34C211000E5FE8 /* Views */ = {
			isa = PBXGroup;
			children = (
				AC6C49602D34C232000E5FE8 /* ProfileItemView.swift */,
			);
			path = Views;
			sourceTree = "<group>";
		};
		AC6C49662D34F715000E5FE8 /* Models */ = {
			isa = PBXGroup;
			children = (
				AC6C49672D34F727000E5FE8 /* UserInfo.swift */,
			);
			path = Models;
			sourceTree = "<group>";
		};
		AC6C496D2D3526C9000E5FE8 /* FirebaseRemoteConfig */ = {
			isa = PBXGroup;
			children = (
				AC6C49692D350AF8000E5FE8 /* FirebaseRemoteService.swift */,
			);
			path = FirebaseRemoteConfig;
			sourceTree = "<group>";
		};
		AC6C496E2D3526F0000E5FE8 /* FirebaseStorage */ = {
			isa = PBXGroup;
			children = (
				AC6C496F2D35272F000E5FE8 /* FirebaseStorageServiceProtocol.swift */,
				AC6C49712D352818000E5FE8 /* FirebaseStorageService.swift */,
			);
			path = FirebaseStorage;
			sourceTree = "<group>";
		};
		AC6C49742D361630000E5FE8 /* Researchs */ = {
			isa = PBXGroup;
			children = (
				AC6C49772D361F71000E5FE8 /* Views */,
				AC6C49752D3616EC000E5FE8 /* ResearchsViewModel.swift */,
				ACF8929B2D3115B500E89ABB /* ResearchsViewController.swift */,
			);
			path = Researchs;
			sourceTree = "<group>";
		};
		AC6C49772D361F71000E5FE8 /* Views */ = {
			isa = PBXGroup;
			children = (
				AC6C49782D361F83000E5FE8 /* ResearchTableViewCell.swift */,
			);
			path = Views;
			sourceTree = "<group>";
		};
		AC6C497A2D364C01000E5FE8 /* Realm */ = {
			isa = PBXGroup;
			children = (
				AC6C497D2D3658C6000E5FE8 /* Model */,
				AC6C49872D3762B4000E5FE8 /* Views */,
				AC6C49802D3659E2000E5FE8 /* RealmViewModel.swift */,
				AC6C497B2D364CB1000E5FE8 /* RealmViewController.swift */,
			);
			path = Realm;
			sourceTree = "<group>";
		};
		AC6C497D2D3658C6000E5FE8 /* Model */ = {
			isa = PBXGroup;
			children = (
				AC6C497E2D3658D7000E5FE8 /* Book.swift */,
			);
			path = Model;
			sourceTree = "<group>";
		};
		AC6C49822D365EA8000E5FE8 /* Realm */ = {
			isa = PBXGroup;
			children = (
				AC6C49832D365F09000E5FE8 /* RealmServiceProtocol.swift */,
				AC6C49852D365F52000E5FE8 /* RealmService.swift */,
			);
			path = Realm;
			sourceTree = "<group>";
		};
		AC6C49872D3762B4000E5FE8 /* Views */ = {
			isa = PBXGroup;
			children = (
				AC6C49882D3762D0000E5FE8 /* RealmTableViewCell.swift */,
			);
			path = Views;
			sourceTree = "<group>";
		};
		AC73E07D2D30D57B004A0ED4 /* Presentation */ = {
			isa = PBXGroup;
			children = (
				AC73E0832D30D66B004A0ED4 /* Base */,
				ACF892872D31003200E89ABB /* Login */,
				AC73E07E2D30D5B5004A0ED4 /* Home */,
				AC6C495C2D34BBDA000E5FE8 /* Profile */,
				AC6C49742D361630000E5FE8 /* Researchs */,
				AC6C497A2D364C01000E5FE8 /* Realm */,
				ACF892912D310EC800E89ABB /* Views */,
			);
			path = Presentation;
			sourceTree = "<group>";
		};
		AC73E07E2D30D5B5004A0ED4 /* Home */ = {
			isa = PBXGroup;
			children = (
				AC73E0842D30DC8F004A0ED4 /* HomeViewController.swift */,
			);
			path = Home;
			sourceTree = "<group>";
		};
		AC73E0832D30D66B004A0ED4 /* Base */ = {
			isa = PBXGroup;
			children = (
				AC73E0812D30D667004A0ED4 /* BaseViewController.swift */,
				AC6C498A2D3764DA000E5FE8 /* BaseTableViewCell.swift */,
				ACF8928C2D31024A00E89ABB /* APIService.swift */,
			);
			path = Base;
			sourceTree = "<group>";
		};
		ACD449582D30C6ED00341D49 = {
			isa = PBXGroup;
			children = (
				ACD449632D30C6ED00341D49 /* MyProject */,
				ACD4497A2D30C6F100341D49 /* MyProjectTests */,
				ACD449842D30C6F100341D49 /* MyProjectUITests */,
				ACD449622D30C6ED00341D49 /* Products */,
				41A465C71F58E8BBC3E69F2F /* Pods */,
				15E96333EE0D31DD8D92DDB9 /* Frameworks */,
			);
			sourceTree = "<group>";
		};
		ACD449622D30C6ED00341D49 /* Products */ = {
			isa = PBXGroup;
			children = (
				ACD449612D30C6ED00341D49 /* MyProject.app */,
				ACD449772D30C6F100341D49 /* MyProjectTests.xctest */,
				ACD449812D30C6F100341D49 /* MyProjectUITests.xctest */,
			);
			name = Products;
			sourceTree = "<group>";
		};
		ACD449632D30C6ED00341D49 /* MyProject */ = {
			isa = PBXGroup;
			children = (
				ACF8929D2D312BDC00E89ABB /* Repositories */,
				AC73E07D2D30D57B004A0ED4 /* Presentation */,
				AC6C49592D34BB4C000E5FE8 /* Common */,
				ACF8928E2D310CBD00E89ABB /* Extension */,
				ACD449642D30C6ED00341D49 /* AppDelegate.swift */,
				ACD449662D30C6ED00341D49 /* SceneDelegate.swift */,
				ACD4496A2D30C6ED00341D49 /* Main.storyboard */,
				ACD4496D2D30C6F100341D49 /* Assets.xcassets */,
				ACD4496F2D30C6F100341D49 /* LaunchScreen.storyboard */,
				ACD449722D30C6F100341D49 /* Info.plist */,
				ACF892852D30FE3200E89ABB /* GoogleService-Info.plist */,
			);
			path = MyProject;
			sourceTree = "<group>";
		};
		ACD4497A2D30C6F100341D49 /* MyProjectTests */ = {
			isa = PBXGroup;
			children = (
				ACD4497B2D30C6F100341D49 /* MyProjectTests.swift */,
			);
			path = MyProjectTests;
			sourceTree = "<group>";
		};
		ACD449842D30C6F100341D49 /* MyProjectUITests */ = {
			isa = PBXGroup;
			children = (
				ACD449852D30C6F100341D49 /* MyProjectUITests.swift */,
				ACD449872D30C6F100341D49 /* MyProjectUITestsLaunchTests.swift */,
			);
			path = MyProjectUITests;
			sourceTree = "<group>";
		};
		ACF892872D31003200E89ABB /* Login */ = {
			isa = PBXGroup;
			children = (
				ACF8928A2D3101D800E89ABB /* LoginViewModel.swift */,
				ACF892882D31004D00E89ABB /* LoginViewController.swift */,
			);
			path = Login;
			sourceTree = "<group>";
		};
		ACF8928E2D310CBD00E89ABB /* Extension */ = {
			isa = PBXGroup;
			children = (
				ACF8928F2D310CE300E89ABB /* UITextFieldExtension.swift */,
				ACF892942D31120A00E89ABB /* UIColorExtension.swift */,
			);
			path = Extension;
			sourceTree = "<group>";
		};
		ACF892912D310EC800E89ABB /* Views */ = {
			isa = PBXGroup;
			children = (
				ACF892922D310EED00E89ABB /* BorderTextField.swift */,
				AC6C49622D34CA7E000E5FE8 /* AppStyle1Button.swift */,
			);
			path = Views;
			sourceTree = "<group>";
		};
		ACF8929D2D312BDC00E89ABB /* Repositories */ = {
			isa = PBXGroup;
			children = (
				AC6C49822D365EA8000E5FE8 /* Realm */,
				AC6C496E2D3526F0000E5FE8 /* FirebaseStorage */,
				AC6C496D2D3526C9000E5FE8 /* FirebaseRemoteConfig */,
				ACF892A32D31340000E89ABB /* FirebaseFirestore */,
				ACF8929E2D312BE600E89ABB /* FirebaseAuth */,
			);
			path = Repositories;
			sourceTree = "<group>";
		};
		ACF8929E2D312BE600E89ABB /* FirebaseAuth */ = {
			isa = PBXGroup;
			children = (
				ACF8929F2D312C2100E89ABB /* FirebaseAuthServiceProtocol.swift */,
				ACF892A12D312CCD00E89ABB /* FirebaseAuthService.swift */,
			);
			path = FirebaseAuth;
			sourceTree = "<group>";
		};
		ACF892A32D31340000E89ABB /* FirebaseFirestore */ = {
			isa = PBXGroup;
			children = (
				ACF892A42D31342B00E89ABB /* FirebaseFirestoreServiceProtocol.swift */,
				ACF892A62D31344A00E89ABB /* FirebaseFirestoreService.swift */,
			);
			path = FirebaseFirestore;
			sourceTree = "<group>";
		};
/* End PBXGroup section */

/* Begin PBXNativeTarget section */
		ACD449602D30C6ED00341D49 /* MyProject */ = {
			isa = PBXNativeTarget;
			buildConfigurationList = ACD4498B2D30C6F100341D49 /* Build configuration list for PBXNativeTarget "MyProject" */;
			buildPhases = (
				FBD023F011A8AF8625C09EE1 /* [CP] Check Pods Manifest.lock */,
				ACD4495D2D30C6ED00341D49 /* Sources */,
				ACD4495E2D30C6ED00341D49 /* Frameworks */,
				ACD4495F2D30C6ED00341D49 /* Resources */,
				B00C903B463833B4A5CC16A1 /* [CP] Embed Pods Frameworks */,
				AC6C49732D360B84000E5FE8 /* ShellScript */,
			);
			buildRules = (
			);
			dependencies = (
			);
			name = MyProject;
			productName = MyProject;
			productReference = ACD449612D30C6ED00341D49 /* MyProject.app */;
			productType = "com.apple.product-type.application";
		};
		ACD449762D30C6F100341D49 /* MyProjectTests */ = {
			isa = PBXNativeTarget;
			buildConfigurationList = ACD4498E2D30C6F100341D49 /* Build configuration list for PBXNativeTarget "MyProjectTests" */;
			buildPhases = (
				84AEB2190EA4316461887E00 /* [CP] Check Pods Manifest.lock */,
				ACD449732D30C6F100341D49 /* Sources */,
				ACD449742D30C6F100341D49 /* Frameworks */,
				ACD449752D30C6F100341D49 /* Resources */,
			);
			buildRules = (
			);
			dependencies = (
				ACD449792D30C6F100341D49 /* PBXTargetDependency */,
			);
			name = MyProjectTests;
			productName = MyProjectTests;
			productReference = ACD449772D30C6F100341D49 /* MyProjectTests.xctest */;
			productType = "com.apple.product-type.bundle.unit-test";
		};
		ACD449802D30C6F100341D49 /* MyProjectUITests */ = {
			isa = PBXNativeTarget;
			buildConfigurationList = ACD449912D30C6F100341D49 /* Build configuration list for PBXNativeTarget "MyProjectUITests" */;
			buildPhases = (
				609760C84800D47F92C2240E /* [CP] Check Pods Manifest.lock */,
				ACD4497D2D30C6F100341D49 /* Sources */,
				ACD4497E2D30C6F100341D49 /* Frameworks */,
				ACD4497F2D30C6F100341D49 /* Resources */,
				51972653F8058369170423E2 /* [CP] Embed Pods Frameworks */,
			);
			buildRules = (
			);
			dependencies = (
				ACD449832D30C6F100341D49 /* PBXTargetDependency */,
			);
			name = MyProjectUITests;
			productName = MyProjectUITests;
			productReference = ACD449812D30C6F100341D49 /* MyProjectUITests.xctest */;
			productType = "com.apple.product-type.bundle.ui-testing";
		};
/* End PBXNativeTarget section */

/* Begin PBXProject section */
		ACD449592D30C6ED00341D49 /* Project object */ = {
			isa = PBXProject;
			attributes = {
				BuildIndependentTargetsInParallel = 1;
				LastSwiftUpdateCheck = 1540;
				LastUpgradeCheck = 1540;
				TargetAttributes = {
					ACD449602D30C6ED00341D49 = {
						CreatedOnToolsVersion = 15.4;
					};
					ACD449762D30C6F100341D49 = {
						CreatedOnToolsVersion = 15.4;
						TestTargetID = ACD449602D30C6ED00341D49;
					};
					ACD449802D30C6F100341D49 = {
						CreatedOnToolsVersion = 15.4;
						TestTargetID = ACD449602D30C6ED00341D49;
					};
				};
			};
			buildConfigurationList = ACD4495C2D30C6ED00341D49 /* Build configuration list for PBXProject "MyProject" */;
			compatibilityVersion = "Xcode 14.0";
			developmentRegion = en;
			hasScannedForEncodings = 0;
			knownRegions = (
				en,
				Base,
			);
			mainGroup = ACD449582D30C6ED00341D49;
			productRefGroup = ACD449622D30C6ED00341D49 /* Products */;
			projectDirPath = "";
			projectRoot = "";
			targets = (
				ACD449602D30C6ED00341D49 /* MyProject */,
				ACD449762D30C6F100341D49 /* MyProjectTests */,
				ACD449802D30C6F100341D49 /* MyProjectUITests */,
			);
		};
/* End PBXProject section */

/* Begin PBXResourcesBuildPhase section */
		ACD4495F2D30C6ED00341D49 /* Resources */ = {
			isa = PBXResourcesBuildPhase;
			buildActionMask = 2147483647;
			files = (
				ACD4496E2D30C6F100341D49 /* Assets.xcassets in Resources */,
				ACF892862D30FE3200E89ABB /* GoogleService-Info.plist in Resources */,
				ACD449712D30C6F100341D49 /* Base in Resources */,
				ACD4496C2D30C6ED00341D49 /* Base in Resources */,
			);
			runOnlyForDeploymentPostprocessing = 0;
		};
		ACD449752D30C6F100341D49 /* Resources */ = {
			isa = PBXResourcesBuildPhase;
			buildActionMask = 2147483647;
			files = (
			);
			runOnlyForDeploymentPostprocessing = 0;
		};
		ACD4497F2D30C6F100341D49 /* Resources */ = {
			isa = PBXResourcesBuildPhase;
			buildActionMask = 2147483647;
			files = (
			);
			runOnlyForDeploymentPostprocessing = 0;
		};
/* End PBXResourcesBuildPhase section */

/* Begin PBXShellScriptBuildPhase section */
		51972653F8058369170423E2 /* [CP] Embed Pods Frameworks */ = {
			isa = PBXShellScriptBuildPhase;
			buildActionMask = 2147483647;
			files = (
			);
			inputFileListPaths = (
				"${PODS_ROOT}/Target Support Files/Pods-MyProject-MyProjectUITests/Pods-MyProject-MyProjectUITests-frameworks-${CONFIGURATION}-input-files.xcfilelist",
			);
			name = "[CP] Embed Pods Frameworks";
			outputFileListPaths = (
				"${PODS_ROOT}/Target Support Files/Pods-MyProject-MyProjectUITests/Pods-MyProject-MyProjectUITests-frameworks-${CONFIGURATION}-output-files.xcfilelist",
			);
			runOnlyForDeploymentPostprocessing = 0;
			shellPath = /bin/sh;
			shellScript = "\"${PODS_ROOT}/Target Support Files/Pods-MyProject-MyProjectUITests/Pods-MyProject-MyProjectUITests-frameworks.sh\"\n";
			showEnvVarsInLog = 0;
		};
		609760C84800D47F92C2240E /* [CP] Check Pods Manifest.lock */ = {
			isa = PBXShellScriptBuildPhase;
			buildActionMask = 2147483647;
			files = (
			);
			inputFileListPaths = (
			);
			inputPaths = (
				"${PODS_PODFILE_DIR_PATH}/Podfile.lock",
				"${PODS_ROOT}/Manifest.lock",
			);
			name = "[CP] Check Pods Manifest.lock";
			outputFileListPaths = (
			);
			outputPaths = (
				"$(DERIVED_FILE_DIR)/Pods-MyProject-MyProjectUITests-checkManifestLockResult.txt",
			);
			runOnlyForDeploymentPostprocessing = 0;
			shellPath = /bin/sh;
			shellScript = "diff \"${PODS_PODFILE_DIR_PATH}/Podfile.lock\" \"${PODS_ROOT}/Manifest.lock\" > /dev/null\nif [ $? != 0 ] ; then\n    # print error to STDERR\n    echo \"error: The sandbox is not in sync with the Podfile.lock. Run 'pod install' or update your CocoaPods installation.\" >&2\n    exit 1\nfi\n# This output is used by Xcode 'outputs' to avoid re-running this script phase.\necho \"SUCCESS\" > \"${SCRIPT_OUTPUT_FILE_0}\"\n";
			showEnvVarsInLog = 0;
		};
		84AEB2190EA4316461887E00 /* [CP] Check Pods Manifest.lock */ = {
			isa = PBXShellScriptBuildPhase;
			buildActionMask = 2147483647;
			files = (
			);
			inputFileListPaths = (
			);
			inputPaths = (
				"${PODS_PODFILE_DIR_PATH}/Podfile.lock",
				"${PODS_ROOT}/Manifest.lock",
			);
			name = "[CP] Check Pods Manifest.lock";
			outputFileListPaths = (
			);
			outputPaths = (
				"$(DERIVED_FILE_DIR)/Pods-MyProjectTests-checkManifestLockResult.txt",
			);
			runOnlyForDeploymentPostprocessing = 0;
			shellPath = /bin/sh;
			shellScript = "diff \"${PODS_PODFILE_DIR_PATH}/Podfile.lock\" \"${PODS_ROOT}/Manifest.lock\" > /dev/null\nif [ $? != 0 ] ; then\n    # print error to STDERR\n    echo \"error: The sandbox is not in sync with the Podfile.lock. Run 'pod install' or update your CocoaPods installation.\" >&2\n    exit 1\nfi\n# This output is used by Xcode 'outputs' to avoid re-running this script phase.\necho \"SUCCESS\" > \"${SCRIPT_OUTPUT_FILE_0}\"\n";
			showEnvVarsInLog = 0;
		};
		AC6C49732D360B84000E5FE8 /* ShellScript */ = {
			isa = PBXShellScriptBuildPhase;
			buildActionMask = 2147483647;
			files = (
			);
			inputFileListPaths = (
			);
			inputPaths = (
				"${DWARF_DSYM_FOLDER_PATH}/${DWARF_DSYM_FILE_NAME}",
				"${DWARF_DSYM_FOLDER_PATH}/${DWARF_DSYM_FILE_NAME}/Contents/Resources/DWARF/${PRODUCT_NAME}",
				"${DWARF_DSYM_FOLDER_PATH}/${DWARF_DSYM_FILE_NAME}/Contents/Info.plist",
				"$(TARGET_BUILD_DIR)/$(UNLOCALIZED_RESOURCES_FOLDER_PATH)/GoogleService-Info.plist",
				"$(TARGET_BUILD_DIR)/$(EXECUTABLE_PATH)",
			);
			outputFileListPaths = (
			);
			outputPaths = (
			);
			runOnlyForDeploymentPostprocessing = 0;
			shellPath = /bin/sh;
			shellScript = "# Type a script or drag a script file from your workspace to insert its path.\n\"${PODS_ROOT}/FirebaseCrashlytics/run\"\n";
		};
		B00C903B463833B4A5CC16A1 /* [CP] Embed Pods Frameworks */ = {
			isa = PBXShellScriptBuildPhase;
			buildActionMask = 2147483647;
			files = (
			);
			inputFileListPaths = (
				"${PODS_ROOT}/Target Support Files/Pods-MyProject/Pods-MyProject-frameworks-${CONFIGURATION}-input-files.xcfilelist",
			);
			name = "[CP] Embed Pods Frameworks";
			outputFileListPaths = (
				"${PODS_ROOT}/Target Support Files/Pods-MyProject/Pods-MyProject-frameworks-${CONFIGURATION}-output-files.xcfilelist",
			);
			runOnlyForDeploymentPostprocessing = 0;
			shellPath = /bin/sh;
			shellScript = "\"${PODS_ROOT}/Target Support Files/Pods-MyProject/Pods-MyProject-frameworks.sh\"\n";
			showEnvVarsInLog = 0;
		};
		FBD023F011A8AF8625C09EE1 /* [CP] Check Pods Manifest.lock */ = {
			isa = PBXShellScriptBuildPhase;
			buildActionMask = 2147483647;
			files = (
			);
			inputFileListPaths = (
			);
			inputPaths = (
				"${PODS_PODFILE_DIR_PATH}/Podfile.lock",
				"${PODS_ROOT}/Manifest.lock",
			);
			name = "[CP] Check Pods Manifest.lock";
			outputFileListPaths = (
			);
			outputPaths = (
				"$(DERIVED_FILE_DIR)/Pods-MyProject-checkManifestLockResult.txt",
			);
			runOnlyForDeploymentPostprocessing = 0;
			shellPath = /bin/sh;
			shellScript = "diff \"${PODS_PODFILE_DIR_PATH}/Podfile.lock\" \"${PODS_ROOT}/Manifest.lock\" > /dev/null\nif [ $? != 0 ] ; then\n    # print error to STDERR\n    echo \"error: The sandbox is not in sync with the Podfile.lock. Run 'pod install' or update your CocoaPods installation.\" >&2\n    exit 1\nfi\n# This output is used by Xcode 'outputs' to avoid re-running this script phase.\necho \"SUCCESS\" > \"${SCRIPT_OUTPUT_FILE_0}\"\n";
			showEnvVarsInLog = 0;
		};
/* End PBXShellScriptBuildPhase section */

/* Begin PBXSourcesBuildPhase section */
		ACD4495D2D30C6ED00341D49 /* Sources */ = {
			isa = PBXSourcesBuildPhase;
			buildActionMask = 2147483647;
			files = (
				ACF892A22D312CCD00E89ABB /* FirebaseAuthService.swift in Sources */,
				ACF892A02D312C2100E89ABB /* FirebaseAuthServiceProtocol.swift in Sources */,
				ACD449652D30C6ED00341D49 /* AppDelegate.swift in Sources */,
				ACF8928D2D31024A00E89ABB /* APIService.swift in Sources */,
				AC73E0822D30D667004A0ED4 /* BaseViewController.swift in Sources */,
				ACF892A52D31342B00E89ABB /* FirebaseFirestoreServiceProtocol.swift in Sources */,
				ACF892A72D31344A00E89ABB /* FirebaseFirestoreService.swift in Sources */,
				AC6C49892D3762D0000E5FE8 /* RealmTableViewCell.swift in Sources */,
				AC6C49792D361F83000E5FE8 /* ResearchTableViewCell.swift in Sources */,
				AC6C49702D35272F000E5FE8 /* FirebaseStorageServiceProtocol.swift in Sources */,
				AC6C49762D3616EC000E5FE8 /* ResearchsViewModel.swift in Sources */,
				AC6C49862D365F52000E5FE8 /* RealmService.swift in Sources */,
				ACF8928B2D3101D800E89ABB /* LoginViewModel.swift in Sources */,
				AC6C49612D34C232000E5FE8 /* ProfileItemView.swift in Sources */,
				AC6C495B2D34BB68000E5FE8 /* UserDefaultsKey.swift in Sources */,
				ACD449672D30C6ED00341D49 /* SceneDelegate.swift in Sources */,
				AC6C498B2D3764DA000E5FE8 /* BaseTableViewCell.swift in Sources */,
				AC6C49812D3659E2000E5FE8 /* RealmViewModel.swift in Sources */,
				ACF892992D31151500E89ABB /* ProfileViewController.swift in Sources */,
				AC6C497C2D364CB1000E5FE8 /* RealmViewController.swift in Sources */,
				AC6C497F2D3658D7000E5FE8 /* Book.swift in Sources */,
				ACF892892D31004D00E89ABB /* LoginViewController.swift in Sources */,
				AC6C496A2D350AF8000E5FE8 /* FirebaseRemoteService.swift in Sources */,
				AC6C495E2D34BC04000E5FE8 /* ProfileViewModel.swift in Sources */,
				AC73E0852D30DC8F004A0ED4 /* HomeViewController.swift in Sources */,
				ACF892952D31120A00E89ABB /* UIColorExtension.swift in Sources */,
				ACF892902D310CE300E89ABB /* UITextFieldExtension.swift in Sources */,
				ACF892932D310EED00E89ABB /* BorderTextField.swift in Sources */,
				ACF8929C2D3115B500E89ABB /* ResearchsViewController.swift in Sources */,
				AC6C49682D34F727000E5FE8 /* UserInfo.swift in Sources */,
				AC6C49722D352818000E5FE8 /* FirebaseStorageService.swift in Sources */,
				AC6C49632D34CA7E000E5FE8 /* AppStyle1Button.swift in Sources */,
				AC6C49842D365F09000E5FE8 /* RealmServiceProtocol.swift in Sources */,
			);
			runOnlyForDeploymentPostprocessing = 0;
		};
		ACD449732D30C6F100341D49 /* Sources */ = {
			isa = PBXSourcesBuildPhase;
			buildActionMask = 2147483647;
			files = (
				ACD4497C2D30C6F100341D49 /* MyProjectTests.swift in Sources */,
			);
			runOnlyForDeploymentPostprocessing = 0;
		};
		ACD4497D2D30C6F100341D49 /* Sources */ = {
			isa = PBXSourcesBuildPhase;
			buildActionMask = 2147483647;
			files = (
				ACD449882D30C6F100341D49 /* MyProjectUITestsLaunchTests.swift in Sources */,
				ACD449862D30C6F100341D49 /* MyProjectUITests.swift in Sources */,
			);
			runOnlyForDeploymentPostprocessing = 0;
		};
/* End PBXSourcesBuildPhase section */

/* Begin PBXTargetDependency section */
		ACD449792D30C6F100341D49 /* PBXTargetDependency */ = {
			isa = PBXTargetDependency;
			target = ACD449602D30C6ED00341D49 /* MyProject */;
			targetProxy = ACD449782D30C6F100341D49 /* PBXContainerItemProxy */;
		};
		ACD449832D30C6F100341D49 /* PBXTargetDependency */ = {
			isa = PBXTargetDependency;
			target = ACD449602D30C6ED00341D49 /* MyProject */;
			targetProxy = ACD449822D30C6F100341D49 /* PBXContainerItemProxy */;
		};
/* End PBXTargetDependency section */

/* Begin PBXVariantGroup section */
		ACD4496A2D30C6ED00341D49 /* Main.storyboard */ = {
			isa = PBXVariantGroup;
			children = (
				ACD4496B2D30C6ED00341D49 /* Base */,
			);
			name = Main.storyboard;
			sourceTree = "<group>";
		};
		ACD4496F2D30C6F100341D49 /* LaunchScreen.storyboard */ = {
			isa = PBXVariantGroup;
			children = (
				ACD449702D30C6F100341D49 /* Base */,
			);
			name = LaunchScreen.storyboard;
			sourceTree = "<group>";
		};
/* End PBXVariantGroup section */

/* Begin XCBuildConfiguration section */
		ACD449892D30C6F100341D49 /* Debug */ = {
			isa = XCBuildConfiguration;
			buildSettings = {
				ALWAYS_SEARCH_USER_PATHS = NO;
				ASSETCATALOG_COMPILER_GENERATE_SWIFT_ASSET_SYMBOL_EXTENSIONS = YES;
				CLANG_ANALYZER_NONNULL = YES;
				CLANG_ANALYZER_NUMBER_OBJECT_CONVERSION = YES_AGGRESSIVE;
				CLANG_CXX_LANGUAGE_STANDARD = "gnu++20";
				CLANG_ENABLE_MODULES = YES;
				CLANG_ENABLE_OBJC_ARC = YES;
				CLANG_ENABLE_OBJC_WEAK = YES;
				CLANG_WARN_BLOCK_CAPTURE_AUTORELEASING = YES;
				CLANG_WARN_BOOL_CONVERSION = YES;
				CLANG_WARN_COMMA = YES;
				CLANG_WARN_CONSTANT_CONVERSION = YES;
				CLANG_WARN_DEPRECATED_OBJC_IMPLEMENTATIONS = YES;
				CLANG_WARN_DIRECT_OBJC_ISA_USAGE = YES_ERROR;
				CLANG_WARN_DOCUMENTATION_COMMENTS = YES;
				CLANG_WARN_EMPTY_BODY = YES;
				CLANG_WARN_ENUM_CONVERSION = YES;
				CLANG_WARN_INFINITE_RECURSION = YES;
				CLANG_WARN_INT_CONVERSION = YES;
				CLANG_WARN_NON_LITERAL_NULL_CONVERSION = YES;
				CLANG_WARN_OBJC_IMPLICIT_RETAIN_SELF = YES;
				CLANG_WARN_OBJC_LITERAL_CONVERSION = YES;
				CLANG_WARN_OBJC_ROOT_CLASS = YES_ERROR;
				CLANG_WARN_QUOTED_INCLUDE_IN_FRAMEWORK_HEADER = YES;
				CLANG_WARN_RANGE_LOOP_ANALYSIS = YES;
				CLANG_WARN_STRICT_PROTOTYPES = YES;
				CLANG_WARN_SUSPICIOUS_MOVE = YES;
				CLANG_WARN_UNGUARDED_AVAILABILITY = YES_AGGRESSIVE;
				CLANG_WARN_UNREACHABLE_CODE = YES;
				CLANG_WARN__DUPLICATE_METHOD_MATCH = YES;
				COPY_PHASE_STRIP = NO;
				DEBUG_INFORMATION_FORMAT = dwarf;
				ENABLE_STRICT_OBJC_MSGSEND = YES;
				ENABLE_TESTABILITY = YES;
				ENABLE_USER_SCRIPT_SANDBOXING = YES;
				GCC_C_LANGUAGE_STANDARD = gnu17;
				GCC_DYNAMIC_NO_PIC = NO;
				GCC_NO_COMMON_BLOCKS = YES;
				GCC_OPTIMIZATION_LEVEL = 0;
				GCC_PREPROCESSOR_DEFINITIONS = (
					"DEBUG=1",
					"$(inherited)",
				);
				GCC_WARN_64_TO_32_BIT_CONVERSION = YES;
				GCC_WARN_ABOUT_RETURN_TYPE = YES_ERROR;
				GCC_WARN_UNDECLARED_SELECTOR = YES;
				GCC_WARN_UNINITIALIZED_AUTOS = YES_AGGRESSIVE;
				GCC_WARN_UNUSED_FUNCTION = YES;
				GCC_WARN_UNUSED_VARIABLE = YES;
				IPHONEOS_DEPLOYMENT_TARGET = 17.5;
				LOCALIZATION_PREFERS_STRING_CATALOGS = YES;
				MTL_ENABLE_DEBUG_INFO = INCLUDE_SOURCE;
				MTL_FAST_MATH = YES;
				ONLY_ACTIVE_ARCH = YES;
				SDKROOT = iphoneos;
				SWIFT_ACTIVE_COMPILATION_CONDITIONS = "DEBUG $(inherited)";
				SWIFT_OPTIMIZATION_LEVEL = "-Onone";
			};
			name = Debug;
		};
		ACD4498A2D30C6F100341D49 /* Release */ = {
			isa = XCBuildConfiguration;
			buildSettings = {
				ALWAYS_SEARCH_USER_PATHS = NO;
				ASSETCATALOG_COMPILER_GENERATE_SWIFT_ASSET_SYMBOL_EXTENSIONS = YES;
				CLANG_ANALYZER_NONNULL = YES;
				CLANG_ANALYZER_NUMBER_OBJECT_CONVERSION = YES_AGGRESSIVE;
				CLANG_CXX_LANGUAGE_STANDARD = "gnu++20";
				CLANG_ENABLE_MODULES = YES;
				CLANG_ENABLE_OBJC_ARC = YES;
				CLANG_ENABLE_OBJC_WEAK = YES;
				CLANG_WARN_BLOCK_CAPTURE_AUTORELEASING = YES;
				CLANG_WARN_BOOL_CONVERSION = YES;
				CLANG_WARN_COMMA = YES;
				CLANG_WARN_CONSTANT_CONVERSION = YES;
				CLANG_WARN_DEPRECATED_OBJC_IMPLEMENTATIONS = YES;
				CLANG_WARN_DIRECT_OBJC_ISA_USAGE = YES_ERROR;
				CLANG_WARN_DOCUMENTATION_COMMENTS = YES;
				CLANG_WARN_EMPTY_BODY = YES;
				CLANG_WARN_ENUM_CONVERSION = YES;
				CLANG_WARN_INFINITE_RECURSION = YES;
				CLANG_WARN_INT_CONVERSION = YES;
				CLANG_WARN_NON_LITERAL_NULL_CONVERSION = YES;
				CLANG_WARN_OBJC_IMPLICIT_RETAIN_SELF = YES;
				CLANG_WARN_OBJC_LITERAL_CONVERSION = YES;
				CLANG_WARN_OBJC_ROOT_CLASS = YES_ERROR;
				CLANG_WARN_QUOTED_INCLUDE_IN_FRAMEWORK_HEADER = YES;
				CLANG_WARN_RANGE_LOOP_ANALYSIS = YES;
				CLANG_WARN_STRICT_PROTOTYPES = YES;
				CLANG_WARN_SUSPICIOUS_MOVE = YES;
				CLANG_WARN_UNGUARDED_AVAILABILITY = YES_AGGRESSIVE;
				CLANG_WARN_UNREACHABLE_CODE = YES;
				CLANG_WARN__DUPLICATE_METHOD_MATCH = YES;
				COPY_PHASE_STRIP = NO;
				DEBUG_INFORMATION_FORMAT = "dwarf-with-dsym";
				ENABLE_NS_ASSERTIONS = NO;
				ENABLE_STRICT_OBJC_MSGSEND = YES;
				ENABLE_USER_SCRIPT_SANDBOXING = YES;
				GCC_C_LANGUAGE_STANDARD = gnu17;
				GCC_NO_COMMON_BLOCKS = YES;
				GCC_WARN_64_TO_32_BIT_CONVERSION = YES;
				GCC_WARN_ABOUT_RETURN_TYPE = YES_ERROR;
				GCC_WARN_UNDECLARED_SELECTOR = YES;
				GCC_WARN_UNINITIALIZED_AUTOS = YES_AGGRESSIVE;
				GCC_WARN_UNUSED_FUNCTION = YES;
				GCC_WARN_UNUSED_VARIABLE = YES;
				IPHONEOS_DEPLOYMENT_TARGET = 17.5;
				LOCALIZATION_PREFERS_STRING_CATALOGS = YES;
				MTL_ENABLE_DEBUG_INFO = NO;
				MTL_FAST_MATH = YES;
				SDKROOT = iphoneos;
				SWIFT_COMPILATION_MODE = wholemodule;
				VALIDATE_PRODUCT = YES;
			};
			name = Release;
		};
		ACD4498C2D30C6F100341D49 /* Debug */ = {
			isa = XCBuildConfiguration;
			baseConfigurationReference = E693C91971757BC1B73C9D53 /* Pods-MyProject.debug.xcconfig */;
			buildSettings = {
				ASSETCATALOG_COMPILER_APPICON_NAME = AppIcon;
				ASSETCATALOG_COMPILER_GLOBAL_ACCENT_COLOR_NAME = AccentColor;
				CODE_SIGN_STYLE = Automatic;
				CURRENT_PROJECT_VERSION = 1;
				DEBUG_INFORMATION_FORMAT = "dwarf-with-dsym";
				DEVELOPMENT_TEAM = 2H4GMU6T9Q;
				ENABLE_USER_SCRIPT_SANDBOXING = NO;
				GENERATE_INFOPLIST_FILE = YES;
				INFOPLIST_FILE = MyProject/Info.plist;
				INFOPLIST_KEY_UIApplicationSupportsIndirectInputEvents = YES;
				INFOPLIST_KEY_UILaunchStoryboardName = LaunchScreen;
				INFOPLIST_KEY_UIMainStoryboardFile = Main;
				INFOPLIST_KEY_UISupportedInterfaceOrientations_iPad = "UIInterfaceOrientationPortrait UIInterfaceOrientationPortraitUpsideDown UIInterfaceOrientationLandscapeLeft UIInterfaceOrientationLandscapeRight";
				INFOPLIST_KEY_UISupportedInterfaceOrientations_iPhone = "UIInterfaceOrientationPortrait UIInterfaceOrientationLandscapeLeft UIInterfaceOrientationLandscapeRight";
				IPHONEOS_DEPLOYMENT_TARGET = 15.0;
				LD_RUNPATH_SEARCH_PATHS = (
					"$(inherited)",
					"@executable_path/Frameworks",
				);
				MARKETING_VERSION = 1.0;
				PRODUCT_BUNDLE_IDENTIFIER = com.myapp.MyProject;
				PRODUCT_NAME = "$(TARGET_NAME)";
				SWIFT_EMIT_LOC_STRINGS = YES;
				SWIFT_VERSION = 5.0;
				TARGETED_DEVICE_FAMILY = "1,2";
			};
			name = Debug;
		};
		ACD4498D2D30C6F100341D49 /* Release */ = {
			isa = XCBuildConfiguration;
			baseConfigurationReference = 6B535FF1189D41E7B3EBCD61 /* Pods-MyProject.release.xcconfig */;
			buildSettings = {
				ASSETCATALOG_COMPILER_APPICON_NAME = AppIcon;
				ASSETCATALOG_COMPILER_GLOBAL_ACCENT_COLOR_NAME = AccentColor;
				CODE_SIGN_STYLE = Automatic;
				CURRENT_PROJECT_VERSION = 1;
				DEVELOPMENT_TEAM = 2H4GMU6T9Q;
				ENABLE_USER_SCRIPT_SANDBOXING = NO;
				GENERATE_INFOPLIST_FILE = YES;
				INFOPLIST_FILE = MyProject/Info.plist;
				INFOPLIST_KEY_UIApplicationSupportsIndirectInputEvents = YES;
				INFOPLIST_KEY_UILaunchStoryboardName = LaunchScreen;
				INFOPLIST_KEY_UIMainStoryboardFile = Main;
				INFOPLIST_KEY_UISupportedInterfaceOrientations_iPad = "UIInterfaceOrientationPortrait UIInterfaceOrientationPortraitUpsideDown UIInterfaceOrientationLandscapeLeft UIInterfaceOrientationLandscapeRight";
				INFOPLIST_KEY_UISupportedInterfaceOrientations_iPhone = "UIInterfaceOrientationPortrait UIInterfaceOrientationLandscapeLeft UIInterfaceOrientationLandscapeRight";
				IPHONEOS_DEPLOYMENT_TARGET = 15.0;
				LD_RUNPATH_SEARCH_PATHS = (
					"$(inherited)",
					"@executable_path/Frameworks",
				);
				MARKETING_VERSION = 1.0;
				PRODUCT_BUNDLE_IDENTIFIER = com.myapp.MyProject;
				PRODUCT_NAME = "$(TARGET_NAME)";
				SWIFT_EMIT_LOC_STRINGS = YES;
				SWIFT_VERSION = 5.0;
				TARGETED_DEVICE_FAMILY = "1,2";
			};
			name = Release;
		};
		ACD4498F2D30C6F100341D49 /* Debug */ = {
			isa = XCBuildConfiguration;
			baseConfigurationReference = ABD532243CAE7FCC5345701D /* Pods-MyProjectTests.debug.xcconfig */;
			buildSettings = {
				ALWAYS_EMBED_SWIFT_STANDARD_LIBRARIES = YES;
				BUNDLE_LOADER = "$(TEST_HOST)";
				CODE_SIGN_STYLE = Automatic;
				CURRENT_PROJECT_VERSION = 1;
				DEVELOPMENT_TEAM = 2G7RLDSCHK;
				GENERATE_INFOPLIST_FILE = YES;
				IPHONEOS_DEPLOYMENT_TARGET = 17.5;
				MARKETING_VERSION = 1.0;
				PRODUCT_BUNDLE_IDENTIFIER = com.myapp.MyProjectTests;
				PRODUCT_NAME = "$(TARGET_NAME)";
				SWIFT_EMIT_LOC_STRINGS = NO;
				SWIFT_VERSION = 5.0;
				TARGETED_DEVICE_FAMILY = "1,2";
				TEST_HOST = "$(BUILT_PRODUCTS_DIR)/MyProject.app/$(BUNDLE_EXECUTABLE_FOLDER_PATH)/MyProject";
			};
			name = Debug;
		};
		ACD449902D30C6F100341D49 /* Release */ = {
			isa = XCBuildConfiguration;
			baseConfigurationReference = B78682A3435C3E78A0DBA355 /* Pods-MyProjectTests.release.xcconfig */;
			buildSettings = {
				ALWAYS_EMBED_SWIFT_STANDARD_LIBRARIES = YES;
				BUNDLE_LOADER = "$(TEST_HOST)";
				CODE_SIGN_STYLE = Automatic;
				CURRENT_PROJECT_VERSION = 1;
				DEVELOPMENT_TEAM = 2G7RLDSCHK;
				GENERATE_INFOPLIST_FILE = YES;
				IPHONEOS_DEPLOYMENT_TARGET = 17.5;
				MARKETING_VERSION = 1.0;
				PRODUCT_BUNDLE_IDENTIFIER = com.myapp.MyProjectTests;
				PRODUCT_NAME = "$(TARGET_NAME)";
				SWIFT_EMIT_LOC_STRINGS = NO;
				SWIFT_VERSION = 5.0;
				TARGETED_DEVICE_FAMILY = "1,2";
				TEST_HOST = "$(BUILT_PRODUCTS_DIR)/MyProject.app/$(BUNDLE_EXECUTABLE_FOLDER_PATH)/MyProject";
			};
			name = Release;
		};
		ACD449922D30C6F100341D49 /* Debug */ = {
			isa = XCBuildConfiguration;
			baseConfigurationReference = E9CD052EC3A2E29AC9024D05 /* Pods-MyProject-MyProjectUITests.debug.xcconfig */;
			buildSettings = {
				CODE_SIGN_STYLE = Automatic;
				CURRENT_PROJECT_VERSION = 1;
				DEVELOPMENT_TEAM = 2G7RLDSCHK;
				GENERATE_INFOPLIST_FILE = YES;
				MARKETING_VERSION = 1.0;
				PRODUCT_BUNDLE_IDENTIFIER = com.myapp.MyProjectUITests;
				PRODUCT_NAME = "$(TARGET_NAME)";
				SWIFT_EMIT_LOC_STRINGS = NO;
				SWIFT_VERSION = 5.0;
				TARGETED_DEVICE_FAMILY = "1,2";
				TEST_TARGET_NAME = MyProject;
			};
			name = Debug;
		};
		ACD449932D30C6F100341D49 /* Release */ = {
			isa = XCBuildConfiguration;
			baseConfigurationReference = 88921771720530D3EFAA9607 /* Pods-MyProject-MyProjectUITests.release.xcconfig */;
			buildSettings = {
				CODE_SIGN_STYLE = Automatic;
				CURRENT_PROJECT_VERSION = 1;
				DEVELOPMENT_TEAM = 2G7RLDSCHK;
				GENERATE_INFOPLIST_FILE = YES;
				MARKETING_VERSION = 1.0;
				PRODUCT_BUNDLE_IDENTIFIER = com.myapp.MyProjectUITests;
				PRODUCT_NAME = "$(TARGET_NAME)";
				SWIFT_EMIT_LOC_STRINGS = NO;
				SWIFT_VERSION = 5.0;
				TARGETED_DEVICE_FAMILY = "1,2";
				TEST_TARGET_NAME = MyProject;
			};
			name = Release;
		};
/* End XCBuildConfiguration section */

/* Begin XCConfigurationList section */
		ACD4495C2D30C6ED00341D49 /* Build configuration list for PBXProject "MyProject" */ = {
			isa = XCConfigurationList;
			buildConfigurations = (
				ACD449892D30C6F100341D49 /* Debug */,
				ACD4498A2D30C6F100341D49 /* Release */,
			);
			defaultConfigurationIsVisible = 0;
			defaultConfigurationName = Release;
		};
		ACD4498B2D30C6F100341D49 /* Build configuration list for PBXNativeTarget "MyProject" */ = {
			isa = XCConfigurationList;
			buildConfigurations = (
				ACD4498C2D30C6F100341D49 /* Debug */,
				ACD4498D2D30C6F100341D49 /* Release */,
			);
			defaultConfigurationIsVisible = 0;
			defaultConfigurationName = Release;
		};
		ACD4498E2D30C6F100341D49 /* Build configuration list for PBXNativeTarget "MyProjectTests" */ = {
			isa = XCConfigurationList;
			buildConfigurations = (
				ACD4498F2D30C6F100341D49 /* Debug */,
				ACD449902D30C6F100341D49 /* Release */,
			);
			defaultConfigurationIsVisible = 0;
			defaultConfigurationName = Release;
		};
		ACD449912D30C6F100341D49 /* Build configuration list for PBXNativeTarget "MyProjectUITests" */ = {
			isa = XCConfigurationList;
			buildConfigurations = (
				ACD449922D30C6F100341D49 /* Debug */,
				ACD449932D30C6F100341D49 /* Release */,
			);
			defaultConfigurationIsVisible = 0;
			defaultConfigurationName = Release;
		};
/* End XCConfigurationList section */
	};
	rootObject = ACD449592D30C6ED00341D49 /* Project object */;
}
